// !$*UTF8*$!
{
	archiveVersion = 1;
	classes = {
	};
	objectVersion = 46;
	objects = {

/* Begin PBXBuildFile section */
		39BAB4F61C26B10900B58096 /* FZRootViewController.m in Sources */ = {isa = PBXBuildFile; fileRef = 39BAB4F51C26B10900B58096 /* FZRootViewController.m */; settings = {ASSET_TAGS = (); }; };
		39BAB4F91C26B13500B58096 /* FZBaseViewController.m in Sources */ = {isa = PBXBuildFile; fileRef = 39BAB4F81C26B13500B58096 /* FZBaseViewController.m */; settings = {ASSET_TAGS = (); }; };
		39BAB4FC1C26B16D00B58096 /* FZFunDayController.m in Sources */ = {isa = PBXBuildFile; fileRef = 39BAB4FB1C26B16D00B58096 /* FZFunDayController.m */; settings = {ASSET_TAGS = (); }; };
		39BAB5021C26B19C00B58096 /* FZSpecialController.m in Sources */ = {isa = PBXBuildFile; fileRef = 39BAB5011C26B19C00B58096 /* FZSpecialController.m */; settings = {ASSET_TAGS = (); }; };
		39BAB5051C26B1B000B58096 /* FZMyController.m in Sources */ = {isa = PBXBuildFile; fileRef = 39BAB5041C26B1B000B58096 /* FZMyController.m */; settings = {ASSET_TAGS = (); }; };
		39FE565D1C2A9141005708B5 /* FZRotatingBanner.m in Sources */ = {isa = PBXBuildFile; fileRef = 39FE56331C2A9141005708B5 /* FZRotatingBanner.m */; settings = {ASSET_TAGS = (); }; };
		39FE565E1C2A9141005708B5 /* FZImage.m in Sources */ = {isa = PBXBuildFile; fileRef = 39FE56361C2A9141005708B5 /* FZImage.m */; settings = {ASSET_TAGS = (); }; };
		39FE565F1C2A9141005708B5 /* MyCollectionViewCell.m in Sources */ = {isa = PBXBuildFile; fileRef = 39FE56391C2A9141005708B5 /* MyCollectionViewCell.m */; settings = {ASSET_TAGS = (); }; };
		39FE56601C2A9141005708B5 /* MyCollectionViewCell.xib in Resources */ = {isa = PBXBuildFile; fileRef = 39FE563A1C2A9141005708B5 /* MyCollectionViewCell.xib */; settings = {ASSET_TAGS = (); }; };
		39FE569F1C2A935D005708B5 /* MKAnnotationView+WebCache.m in Sources */ = {isa = PBXBuildFile; fileRef = 39FE567F1C2A935D005708B5 /* MKAnnotationView+WebCache.m */; settings = {ASSET_TAGS = (); }; };
		39FE56A01C2A935D005708B5 /* NSData+ImageContentType.m in Sources */ = {isa = PBXBuildFile; fileRef = 39FE56811C2A935D005708B5 /* NSData+ImageContentType.m */; settings = {ASSET_TAGS = (); }; };
		39FE56A11C2A935D005708B5 /* SDImageCache.m in Sources */ = {isa = PBXBuildFile; fileRef = 39FE56831C2A935D005708B5 /* SDImageCache.m */; settings = {ASSET_TAGS = (); }; };
		39FE56A21C2A935D005708B5 /* SDWebImageCompat.m in Sources */ = {isa = PBXBuildFile; fileRef = 39FE56851C2A935D005708B5 /* SDWebImageCompat.m */; settings = {ASSET_TAGS = (); }; };
		39FE56A31C2A935D005708B5 /* SDWebImageDecoder.m in Sources */ = {isa = PBXBuildFile; fileRef = 39FE56871C2A935D005708B5 /* SDWebImageDecoder.m */; settings = {ASSET_TAGS = (); }; };
		39FE56A41C2A935D005708B5 /* SDWebImageDownloader.m in Sources */ = {isa = PBXBuildFile; fileRef = 39FE56891C2A935D005708B5 /* SDWebImageDownloader.m */; settings = {ASSET_TAGS = (); }; };
		39FE56A51C2A935D005708B5 /* SDWebImageDownloaderOperation.m in Sources */ = {isa = PBXBuildFile; fileRef = 39FE568B1C2A935D005708B5 /* SDWebImageDownloaderOperation.m */; settings = {ASSET_TAGS = (); }; };
		39FE56A61C2A935D005708B5 /* SDWebImageManager.m in Sources */ = {isa = PBXBuildFile; fileRef = 39FE568D1C2A935D005708B5 /* SDWebImageManager.m */; settings = {ASSET_TAGS = (); }; };
		39FE56A71C2A935D005708B5 /* SDWebImagePrefetcher.m in Sources */ = {isa = PBXBuildFile; fileRef = 39FE56901C2A935D005708B5 /* SDWebImagePrefetcher.m */; settings = {ASSET_TAGS = (); }; };
		39FE56A81C2A935D005708B5 /* UIButton+WebCache.m in Sources */ = {isa = PBXBuildFile; fileRef = 39FE56921C2A935D005708B5 /* UIButton+WebCache.m */; settings = {ASSET_TAGS = (); }; };
		39FE56A91C2A935D005708B5 /* UIImage+GIF.m in Sources */ = {isa = PBXBuildFile; fileRef = 39FE56941C2A935D005708B5 /* UIImage+GIF.m */; settings = {ASSET_TAGS = (); }; };
		39FE56AA1C2A935D005708B5 /* UIImage+MultiFormat.m in Sources */ = {isa = PBXBuildFile; fileRef = 39FE56961C2A935D005708B5 /* UIImage+MultiFormat.m */; settings = {ASSET_TAGS = (); }; };
		39FE56AB1C2A935D005708B5 /* UIImage+WebP.m in Sources */ = {isa = PBXBuildFile; fileRef = 39FE56981C2A935D005708B5 /* UIImage+WebP.m */; settings = {ASSET_TAGS = (); }; };
		39FE56AC1C2A935D005708B5 /* UIImageView+HighlightedWebCache.m in Sources */ = {isa = PBXBuildFile; fileRef = 39FE569A1C2A935D005708B5 /* UIImageView+HighlightedWebCache.m */; settings = {ASSET_TAGS = (); }; };
		39FE56AD1C2A935D005708B5 /* UIImageView+WebCache.m in Sources */ = {isa = PBXBuildFile; fileRef = 39FE569C1C2A935D005708B5 /* UIImageView+WebCache.m */; settings = {ASSET_TAGS = (); }; };
		39FE56AE1C2A935D005708B5 /* UIView+WebCacheOperation.m in Sources */ = {isa = PBXBuildFile; fileRef = 39FE569E1C2A935D005708B5 /* UIView+WebCacheOperation.m */; settings = {ASSET_TAGS = (); }; };
		39FE56B51C2A952C005708B5 /* FZDiscoveryController.m in Sources */ = {isa = PBXBuildFile; fileRef = 39FE56B21C2A952C005708B5 /* FZDiscoveryController.m */; settings = {ASSET_TAGS = (); }; };
		39FE56C11C2BCFF4005708B5 /* Assets.xcassets in Resources */ = {isa = PBXBuildFile; fileRef = 39FE56B91C2BCFF4005708B5 /* Assets.xcassets */; settings = {ASSET_TAGS = (); }; };
		39FE56C21C2BCFF4005708B5 /* LaunchScreen.storyboard in Resources */ = {isa = PBXBuildFile; fileRef = 39FE56BA1C2BCFF4005708B5 /* LaunchScreen.storyboard */; settings = {ASSET_TAGS = (); }; };
		39FE56C31C2BCFF4005708B5 /* FZAppDelegate.m in Sources */ = {isa = PBXBuildFile; fileRef = 39FE56BD1C2BCFF4005708B5 /* FZAppDelegate.m */; settings = {ASSET_TAGS = (); }; };
		39FE56C51C2BCFF4005708B5 /* main.m in Sources */ = {isa = PBXBuildFile; fileRef = 39FE56BF1C2BCFF4005708B5 /* main.m */; settings = {ASSET_TAGS = (); }; };
		39FE56C81C2BD163005708B5 /* libz.tbd in Frameworks */ = {isa = PBXBuildFile; fileRef = 39FE56C71C2BD163005708B5 /* libz.tbd */; };
		39FE56CA1C2BD171005708B5 /* libstdc++.tbd in Frameworks */ = {isa = PBXBuildFile; fileRef = 39FE56C91C2BD171005708B5 /* libstdc++.tbd */; };
		39FE56CC1C2BD17B005708B5 /* libiconv.tbd in Frameworks */ = {isa = PBXBuildFile; fileRef = 39FE56CB1C2BD17B005708B5 /* libiconv.tbd */; };
		39FE56CE1C2BD186005708B5 /* libsqlite3.tbd in Frameworks */ = {isa = PBXBuildFile; fileRef = 39FE56CD1C2BD186005708B5 /* libsqlite3.tbd */; };
		39FE56D01C2BD195005708B5 /* CoreTelephony.framework in Frameworks */ = {isa = PBXBuildFile; fileRef = 39FE56CF1C2BD195005708B5 /* CoreTelephony.framework */; };
		39FE56D21C2BD1A0005708B5 /* CoreGraphics.framework in Frameworks */ = {isa = PBXBuildFile; fileRef = 39FE56D11C2BD1A0005708B5 /* CoreGraphics.framework */; };
		39FE56D41C2BD1AB005708B5 /* Security.framework in Frameworks */ = {isa = PBXBuildFile; fileRef = 39FE56D31C2BD1AB005708B5 /* Security.framework */; };
		39FE56D61C2BD1B8005708B5 /* SystemConfiguration.framework in Frameworks */ = {isa = PBXBuildFile; fileRef = 39FE56D51C2BD1B8005708B5 /* SystemConfiguration.framework */; };
		39FE56DA1C2BD2B6005708B5 /* BaseDataModel.m in Sources */ = {isa = PBXBuildFile; fileRef = 39FE56D91C2BD2B6005708B5 /* BaseDataModel.m */; settings = {ASSET_TAGS = (); }; };
		39FE56DE1C2BD3E5005708B5 /* FZHttpTool.m in Sources */ = {isa = PBXBuildFile; fileRef = 39FE56DD1C2BD3E5005708B5 /* FZHttpTool.m */; settings = {ASSET_TAGS = (); }; };
		39FE57041C2BD755005708B5 /* AFHTTPSessionManager.m in Sources */ = {isa = PBXBuildFile; fileRef = 39FE56E31C2BD755005708B5 /* AFHTTPSessionManager.m */; settings = {ASSET_TAGS = (); }; };
		39FE57051C2BD755005708B5 /* AFNetworkReachabilityManager.m in Sources */ = {isa = PBXBuildFile; fileRef = 39FE56E61C2BD755005708B5 /* AFNetworkReachabilityManager.m */; settings = {ASSET_TAGS = (); }; };
		39FE57061C2BD755005708B5 /* AFSecurityPolicy.m in Sources */ = {isa = PBXBuildFile; fileRef = 39FE56E81C2BD755005708B5 /* AFSecurityPolicy.m */; settings = {ASSET_TAGS = (); }; };
		39FE57071C2BD755005708B5 /* AFURLRequestSerialization.m in Sources */ = {isa = PBXBuildFile; fileRef = 39FE56EA1C2BD755005708B5 /* AFURLRequestSerialization.m */; settings = {ASSET_TAGS = (); }; };
		39FE57081C2BD755005708B5 /* AFURLResponseSerialization.m in Sources */ = {isa = PBXBuildFile; fileRef = 39FE56EC1C2BD755005708B5 /* AFURLResponseSerialization.m */; settings = {ASSET_TAGS = (); }; };
		39FE57091C2BD755005708B5 /* AFURLSessionManager.m in Sources */ = {isa = PBXBuildFile; fileRef = 39FE56EE1C2BD755005708B5 /* AFURLSessionManager.m */; settings = {ASSET_TAGS = (); }; };
		39FE570A1C2BD755005708B5 /* AFAutoPurgingImageCache.m in Sources */ = {isa = PBXBuildFile; fileRef = 39FE56F11C2BD755005708B5 /* AFAutoPurgingImageCache.m */; settings = {ASSET_TAGS = (); }; };
		39FE570B1C2BD755005708B5 /* AFImageDownloader.m in Sources */ = {isa = PBXBuildFile; fileRef = 39FE56F31C2BD755005708B5 /* AFImageDownloader.m */; settings = {ASSET_TAGS = (); }; };
		39FE570C1C2BD755005708B5 /* AFNetworkActivityIndicatorManager.m in Sources */ = {isa = PBXBuildFile; fileRef = 39FE56F51C2BD755005708B5 /* AFNetworkActivityIndicatorManager.m */; settings = {ASSET_TAGS = (); }; };
		39FE570D1C2BD755005708B5 /* UIActivityIndicatorView+AFNetworking.m in Sources */ = {isa = PBXBuildFile; fileRef = 39FE56F71C2BD755005708B5 /* UIActivityIndicatorView+AFNetworking.m */; settings = {ASSET_TAGS = (); }; };
		39FE570E1C2BD755005708B5 /* UIButton+AFNetworking.m in Sources */ = {isa = PBXBuildFile; fileRef = 39FE56F91C2BD755005708B5 /* UIButton+AFNetworking.m */; settings = {ASSET_TAGS = (); }; };
		39FE570F1C2BD755005708B5 /* UIImageView+AFNetworking.m in Sources */ = {isa = PBXBuildFile; fileRef = 39FE56FC1C2BD755005708B5 /* UIImageView+AFNetworking.m */; settings = {ASSET_TAGS = (); }; };
		39FE57101C2BD755005708B5 /* UIProgressView+AFNetworking.m in Sources */ = {isa = PBXBuildFile; fileRef = 39FE56FF1C2BD755005708B5 /* UIProgressView+AFNetworking.m */; settings = {ASSET_TAGS = (); }; };
		39FE57111C2BD755005708B5 /* UIRefreshControl+AFNetworking.m in Sources */ = {isa = PBXBuildFile; fileRef = 39FE57011C2BD755005708B5 /* UIRefreshControl+AFNetworking.m */; settings = {ASSET_TAGS = (); }; };
		39FE57121C2BD755005708B5 /* UIWebView+AFNetworking.m in Sources */ = {isa = PBXBuildFile; fileRef = 39FE57031C2BD755005708B5 /* UIWebView+AFNetworking.m */; settings = {ASSET_TAGS = (); }; };
		39FE57171C2BE1B4005708B5 /* FZFunDayModel.m in Sources */ = {isa = PBXBuildFile; fileRef = 39FE57161C2BE1B4005708B5 /* FZFunDayModel.m */; settings = {ASSET_TAGS = (); }; };
		BC027E311C183E2500AA968A /* author_normal.png in Resources */ = {isa = PBXBuildFile; fileRef = BC027E251C183E2500AA968A /* author_normal.png */; settings = {ASSET_TAGS = (); }; };
		BC027E321C183E2500AA968A /* author_selected.png in Resources */ = {isa = PBXBuildFile; fileRef = BC027E261C183E2500AA968A /* author_selected.png */; settings = {ASSET_TAGS = (); }; };
		BC027E331C183E2500AA968A /* discovery_normal.png in Resources */ = {isa = PBXBuildFile; fileRef = BC027E271C183E2500AA968A /* discovery_normal.png */; settings = {ASSET_TAGS = (); }; };
		BC027E341C183E2500AA968A /* discovery_selected.png in Resources */ = {isa = PBXBuildFile; fileRef = BC027E281C183E2500AA968A /* discovery_selected.png */; settings = {ASSET_TAGS = (); }; };
		BC027E351C183E2500AA968A /* homepage_normal.png in Resources */ = {isa = PBXBuildFile; fileRef = BC027E291C183E2500AA968A /* homepage_normal.png */; settings = {ASSET_TAGS = (); }; };
		BC027E361C183E2500AA968A /* homepage_selected.png in Resources */ = {isa = PBXBuildFile; fileRef = BC027E2A1C183E2500AA968A /* homepage_selected.png */; settings = {ASSET_TAGS = (); }; };
		BC027E371C183E2500AA968A /* my_normal.png in Resources */ = {isa = PBXBuildFile; fileRef = BC027E2B1C183E2500AA968A /* my_normal.png */; settings = {ASSET_TAGS = (); }; };
		BC027E381C183E2500AA968A /* my_normal@2x.png in Resources */ = {isa = PBXBuildFile; fileRef = BC027E2C1C183E2500AA968A /* my_normal@2x.png */; settings = {ASSET_TAGS = (); }; };
		BC027E391C183E2500AA968A /* my_normal@3x.png in Resources */ = {isa = PBXBuildFile; fileRef = BC027E2D1C183E2500AA968A /* my_normal@3x.png */; settings = {ASSET_TAGS = (); }; };
		BC027E3A1C183E2500AA968A /* my_selected.png in Resources */ = {isa = PBXBuildFile; fileRef = BC027E2E1C183E2500AA968A /* my_selected.png */; settings = {ASSET_TAGS = (); }; };
		BC027E3B1C183E2500AA968A /* my_selected@2x.png in Resources */ = {isa = PBXBuildFile; fileRef = BC027E2F1C183E2500AA968A /* my_selected@2x.png */; settings = {ASSET_TAGS = (); }; };
		BC027E3C1C183E2500AA968A /* my_selected@3x.png in Resources */ = {isa = PBXBuildFile; fileRef = BC027E301C183E2500AA968A /* my_selected@3x.png */; settings = {ASSET_TAGS = (); }; };
		BC8E3F6C1C16FAD8005E01FB /* meitianTests.m in Sources */ = {isa = PBXBuildFile; fileRef = BC8E3F6B1C16FAD8005E01FB /* meitianTests.m */; };
		BC8E3F771C16FAD8005E01FB /* meitianUITests.m in Sources */ = {isa = PBXBuildFile; fileRef = BC8E3F761C16FAD8005E01FB /* meitianUITests.m */; };
		BC8E40091C16FEF5005E01FB /* MJRefreshAutoFooter.m in Sources */ = {isa = PBXBuildFile; fileRef = BC8E3FDF1C16FEF5005E01FB /* MJRefreshAutoFooter.m */; settings = {ASSET_TAGS = (); }; };
		BC8E400A1C16FEF5005E01FB /* MJRefreshBackFooter.m in Sources */ = {isa = PBXBuildFile; fileRef = BC8E3FE11C16FEF5005E01FB /* MJRefreshBackFooter.m */; settings = {ASSET_TAGS = (); }; };
		BC8E400B1C16FEF5005E01FB /* MJRefreshComponent.m in Sources */ = {isa = PBXBuildFile; fileRef = BC8E3FE31C16FEF5005E01FB /* MJRefreshComponent.m */; settings = {ASSET_TAGS = (); }; };
		BC8E400C1C16FEF5005E01FB /* MJRefreshFooter.m in Sources */ = {isa = PBXBuildFile; fileRef = BC8E3FE51C16FEF5005E01FB /* MJRefreshFooter.m */; settings = {ASSET_TAGS = (); }; };
		BC8E400D1C16FEF5005E01FB /* MJRefreshHeader.m in Sources */ = {isa = PBXBuildFile; fileRef = BC8E3FE71C16FEF5005E01FB /* MJRefreshHeader.m */; settings = {ASSET_TAGS = (); }; };
		BC8E400E1C16FEF5005E01FB /* MJRefreshAutoGifFooter.m in Sources */ = {isa = PBXBuildFile; fileRef = BC8E3FEC1C16FEF5005E01FB /* MJRefreshAutoGifFooter.m */; settings = {ASSET_TAGS = (); }; };
		BC8E400F1C16FEF5005E01FB /* MJRefreshAutoNormalFooter.m in Sources */ = {isa = PBXBuildFile; fileRef = BC8E3FEE1C16FEF5005E01FB /* MJRefreshAutoNormalFooter.m */; settings = {ASSET_TAGS = (); }; };
		BC8E40101C16FEF5005E01FB /* MJRefreshAutoStateFooter.m in Sources */ = {isa = PBXBuildFile; fileRef = BC8E3FF01C16FEF5005E01FB /* MJRefreshAutoStateFooter.m */; settings = {ASSET_TAGS = (); }; };
		BC8E40111C16FEF5005E01FB /* MJRefreshBackGifFooter.m in Sources */ = {isa = PBXBuildFile; fileRef = BC8E3FF31C16FEF5005E01FB /* MJRefreshBackGifFooter.m */; settings = {ASSET_TAGS = (); }; };
		BC8E40121C16FEF5005E01FB /* MJRefreshBackNormalFooter.m in Sources */ = {isa = PBXBuildFile; fileRef = BC8E3FF51C16FEF5005E01FB /* MJRefreshBackNormalFooter.m */; settings = {ASSET_TAGS = (); }; };
		BC8E40131C16FEF5005E01FB /* MJRefreshBackStateFooter.m in Sources */ = {isa = PBXBuildFile; fileRef = BC8E3FF71C16FEF5005E01FB /* MJRefreshBackStateFooter.m */; settings = {ASSET_TAGS = (); }; };
		BC8E40141C16FEF5005E01FB /* MJRefreshGifHeader.m in Sources */ = {isa = PBXBuildFile; fileRef = BC8E3FFA1C16FEF5005E01FB /* MJRefreshGifHeader.m */; settings = {ASSET_TAGS = (); }; };
		BC8E40151C16FEF5005E01FB /* MJRefreshNormalHeader.m in Sources */ = {isa = PBXBuildFile; fileRef = BC8E3FFC1C16FEF5005E01FB /* MJRefreshNormalHeader.m */; settings = {ASSET_TAGS = (); }; };
		BC8E40161C16FEF5005E01FB /* MJRefreshStateHeader.m in Sources */ = {isa = PBXBuildFile; fileRef = BC8E3FFE1C16FEF5005E01FB /* MJRefreshStateHeader.m */; settings = {ASSET_TAGS = (); }; };
		BC8E40171C16FEF5005E01FB /* MJRefresh.bundle in Resources */ = {isa = PBXBuildFile; fileRef = BC8E3FFF1C16FEF5005E01FB /* MJRefresh.bundle */; settings = {ASSET_TAGS = (); }; };
		BC8E40181C16FEF5005E01FB /* MJRefreshConst.m in Sources */ = {isa = PBXBuildFile; fileRef = BC8E40021C16FEF5005E01FB /* MJRefreshConst.m */; settings = {ASSET_TAGS = (); }; };
		BC8E40191C16FEF5005E01FB /* UIScrollView+MJExtension.m in Sources */ = {isa = PBXBuildFile; fileRef = BC8E40041C16FEF5005E01FB /* UIScrollView+MJExtension.m */; settings = {ASSET_TAGS = (); }; };
		BC8E401A1C16FEF5005E01FB /* UIScrollView+MJRefresh.m in Sources */ = {isa = PBXBuildFile; fileRef = BC8E40061C16FEF5005E01FB /* UIScrollView+MJRefresh.m */; settings = {ASSET_TAGS = (); }; };
		BC8E401B1C16FEF5005E01FB /* UIView+MJExtension.m in Sources */ = {isa = PBXBuildFile; fileRef = BC8E40081C16FEF5005E01FB /* UIView+MJExtension.m */; settings = {ASSET_TAGS = (); }; };
		BC8E40211C16FF0B005E01FB /* NJKWebViewProgress.m in Sources */ = {isa = PBXBuildFile; fileRef = BC8E401E1C16FF0B005E01FB /* NJKWebViewProgress.m */; settings = {ASSET_TAGS = (); }; };
		BC8E40221C16FF0B005E01FB /* NJKWebViewProgressView.m in Sources */ = {isa = PBXBuildFile; fileRef = BC8E40201C16FF0B005E01FB /* NJKWebViewProgressView.m */; settings = {ASSET_TAGS = (); }; };
		BC8E40271C16FF3E005E01FB /* ZLScreenAdapter.m in Sources */ = {isa = PBXBuildFile; fileRef = BC8E40251C16FF3E005E01FB /* ZLScreenAdapter.m */; settings = {ASSET_TAGS = (); }; };
		BC8E402B1C16FF4A005E01FB /* UIView+ChangeViewCenter.m in Sources */ = {isa = PBXBuildFile; fileRef = BC8E402A1C16FF4A005E01FB /* UIView+ChangeViewCenter.m */; settings = {ASSET_TAGS = (); }; };
		BC8E402F1C16FF52005E01FB /* UIImage+ImageColor.m in Sources */ = {isa = PBXBuildFile; fileRef = BC8E402E1C16FF52005E01FB /* UIImage+ImageColor.m */; settings = {ASSET_TAGS = (); }; };
		BC8E40331C16FF67005E01FB /* ZLTabBar.m in Sources */ = {isa = PBXBuildFile; fileRef = BC8E40321C16FF67005E01FB /* ZLTabBar.m */; settings = {ASSET_TAGS = (); }; };
		BC8E40371C16FF6A005E01FB /* ZLTabBarController.m in Sources */ = {isa = PBXBuildFile; fileRef = BC8E40361C16FF6A005E01FB /* ZLTabBarController.m */; settings = {ASSET_TAGS = (); }; };
		BC8E40471C16FF7C005E01FB /* FMDatabase.m in Sources */ = {isa = PBXBuildFile; fileRef = BC8E403E1C16FF7C005E01FB /* FMDatabase.m */; settings = {ASSET_TAGS = (); }; };
		BC8E40481C16FF7C005E01FB /* FMDatabaseAdditions.m in Sources */ = {isa = PBXBuildFile; fileRef = BC8E40401C16FF7C005E01FB /* FMDatabaseAdditions.m */; settings = {ASSET_TAGS = (); }; };
		BC8E40491C16FF7C005E01FB /* FMDatabasePool.m in Sources */ = {isa = PBXBuildFile; fileRef = BC8E40421C16FF7C005E01FB /* FMDatabasePool.m */; settings = {ASSET_TAGS = (); }; };
		BC8E404A1C16FF7C005E01FB /* FMDatabaseQueue.m in Sources */ = {isa = PBXBuildFile; fileRef = BC8E40441C16FF7C005E01FB /* FMDatabaseQueue.m */; settings = {ASSET_TAGS = (); }; };
		BC8E404B1C16FF7C005E01FB /* FMResultSet.m in Sources */ = {isa = PBXBuildFile; fileRef = BC8E40461C16FF7C005E01FB /* FMResultSet.m */; settings = {ASSET_TAGS = (); }; };
/* End PBXBuildFile section */

/* Begin PBXContainerItemProxy section */
		BC8E3F681C16FAD8005E01FB /* PBXContainerItemProxy */ = {
			isa = PBXContainerItemProxy;
			containerPortal = BC8E3F461C16FAD7005E01FB /* Project object */;
			proxyType = 1;
			remoteGlobalIDString = BC8E3F4D1C16FAD7005E01FB;
			remoteInfo = meitian;
		};
		BC8E3F731C16FAD8005E01FB /* PBXContainerItemProxy */ = {
			isa = PBXContainerItemProxy;
			containerPortal = BC8E3F461C16FAD7005E01FB /* Project object */;
			proxyType = 1;
			remoteGlobalIDString = BC8E3F4D1C16FAD7005E01FB;
			remoteInfo = meitian;
		};
/* End PBXContainerItemProxy section */

/* Begin PBXFileReference section */
		39BAB4F41C26B10900B58096 /* FZRootViewController.h */ = {isa = PBXFileReference; fileEncoding = 4; lastKnownFileType = sourcecode.c.h; path = FZRootViewController.h; sourceTree = "<group>"; };
		39BAB4F51C26B10900B58096 /* FZRootViewController.m */ = {isa = PBXFileReference; fileEncoding = 4; lastKnownFileType = sourcecode.c.objc; path = FZRootViewController.m; sourceTree = "<group>"; };
		39BAB4F71C26B13500B58096 /* FZBaseViewController.h */ = {isa = PBXFileReference; fileEncoding = 4; lastKnownFileType = sourcecode.c.h; path = FZBaseViewController.h; sourceTree = "<group>"; };
		39BAB4F81C26B13500B58096 /* FZBaseViewController.m */ = {isa = PBXFileReference; fileEncoding = 4; lastKnownFileType = sourcecode.c.objc; path = FZBaseViewController.m; sourceTree = "<group>"; };
		39BAB4FA1C26B16D00B58096 /* FZFunDayController.h */ = {isa = PBXFileReference; fileEncoding = 4; lastKnownFileType = sourcecode.c.h; path = FZFunDayController.h; sourceTree = "<group>"; };
		39BAB4FB1C26B16D00B58096 /* FZFunDayController.m */ = {isa = PBXFileReference; fileEncoding = 4; lastKnownFileType = sourcecode.c.objc; path = FZFunDayController.m; sourceTree = "<group>"; };
		39BAB5001C26B19C00B58096 /* FZSpecialController.h */ = {isa = PBXFileReference; fileEncoding = 4; lastKnownFileType = sourcecode.c.h; path = FZSpecialController.h; sourceTree = "<group>"; };
		39BAB5011C26B19C00B58096 /* FZSpecialController.m */ = {isa = PBXFileReference; fileEncoding = 4; lastKnownFileType = sourcecode.c.objc; path = FZSpecialController.m; sourceTree = "<group>"; };
		39BAB5031C26B1B000B58096 /* FZMyController.h */ = {isa = PBXFileReference; fileEncoding = 4; lastKnownFileType = sourcecode.c.h; path = FZMyController.h; sourceTree = "<group>"; };
		39BAB5041C26B1B000B58096 /* FZMyController.m */ = {isa = PBXFileReference; fileEncoding = 4; lastKnownFileType = sourcecode.c.objc; path = FZMyController.m; sourceTree = "<group>"; };
		39FE56321C2A9141005708B5 /* FZRotatingBanner.h */ = {isa = PBXFileReference; fileEncoding = 4; lastKnownFileType = sourcecode.c.h; path = FZRotatingBanner.h; sourceTree = "<group>"; };
		39FE56331C2A9141005708B5 /* FZRotatingBanner.m */ = {isa = PBXFileReference; fileEncoding = 4; lastKnownFileType = sourcecode.c.objc; path = FZRotatingBanner.m; sourceTree = "<group>"; };
		39FE56351C2A9141005708B5 /* FZImage.h */ = {isa = PBXFileReference; fileEncoding = 4; lastKnownFileType = sourcecode.c.h; path = FZImage.h; sourceTree = "<group>"; };
		39FE56361C2A9141005708B5 /* FZImage.m */ = {isa = PBXFileReference; fileEncoding = 4; lastKnownFileType = sourcecode.c.objc; path = FZImage.m; sourceTree = "<group>"; };
		39FE56381C2A9141005708B5 /* MyCollectionViewCell.h */ = {isa = PBXFileReference; fileEncoding = 4; lastKnownFileType = sourcecode.c.h; path = MyCollectionViewCell.h; sourceTree = "<group>"; };
		39FE56391C2A9141005708B5 /* MyCollectionViewCell.m */ = {isa = PBXFileReference; fileEncoding = 4; lastKnownFileType = sourcecode.c.objc; path = MyCollectionViewCell.m; sourceTree = "<group>"; };
		39FE563A1C2A9141005708B5 /* MyCollectionViewCell.xib */ = {isa = PBXFileReference; fileEncoding = 4; lastKnownFileType = file.xib; path = MyCollectionViewCell.xib; sourceTree = "<group>"; };
		39FE567E1C2A935D005708B5 /* MKAnnotationView+WebCache.h */ = {isa = PBXFileReference; fileEncoding = 4; lastKnownFileType = sourcecode.c.h; path = "MKAnnotationView+WebCache.h"; sourceTree = "<group>"; };
		39FE567F1C2A935D005708B5 /* MKAnnotationView+WebCache.m */ = {isa = PBXFileReference; fileEncoding = 4; lastKnownFileType = sourcecode.c.objc; path = "MKAnnotationView+WebCache.m"; sourceTree = "<group>"; };
		39FE56801C2A935D005708B5 /* NSData+ImageContentType.h */ = {isa = PBXFileReference; fileEncoding = 4; lastKnownFileType = sourcecode.c.h; path = "NSData+ImageContentType.h"; sourceTree = "<group>"; };
		39FE56811C2A935D005708B5 /* NSData+ImageContentType.m */ = {isa = PBXFileReference; fileEncoding = 4; lastKnownFileType = sourcecode.c.objc; path = "NSData+ImageContentType.m"; sourceTree = "<group>"; };
		39FE56821C2A935D005708B5 /* SDImageCache.h */ = {isa = PBXFileReference; fileEncoding = 4; lastKnownFileType = sourcecode.c.h; path = SDImageCache.h; sourceTree = "<group>"; };
		39FE56831C2A935D005708B5 /* SDImageCache.m */ = {isa = PBXFileReference; fileEncoding = 4; lastKnownFileType = sourcecode.c.objc; path = SDImageCache.m; sourceTree = "<group>"; };
		39FE56841C2A935D005708B5 /* SDWebImageCompat.h */ = {isa = PBXFileReference; fileEncoding = 4; lastKnownFileType = sourcecode.c.h; path = SDWebImageCompat.h; sourceTree = "<group>"; };
		39FE56851C2A935D005708B5 /* SDWebImageCompat.m */ = {isa = PBXFileReference; fileEncoding = 4; lastKnownFileType = sourcecode.c.objc; path = SDWebImageCompat.m; sourceTree = "<group>"; };
		39FE56861C2A935D005708B5 /* SDWebImageDecoder.h */ = {isa = PBXFileReference; fileEncoding = 4; lastKnownFileType = sourcecode.c.h; path = SDWebImageDecoder.h; sourceTree = "<group>"; };
		39FE56871C2A935D005708B5 /* SDWebImageDecoder.m */ = {isa = PBXFileReference; fileEncoding = 4; lastKnownFileType = sourcecode.c.objc; path = SDWebImageDecoder.m; sourceTree = "<group>"; };
		39FE56881C2A935D005708B5 /* SDWebImageDownloader.h */ = {isa = PBXFileReference; fileEncoding = 4; lastKnownFileType = sourcecode.c.h; path = SDWebImageDownloader.h; sourceTree = "<group>"; };
		39FE56891C2A935D005708B5 /* SDWebImageDownloader.m */ = {isa = PBXFileReference; fileEncoding = 4; lastKnownFileType = sourcecode.c.objc; path = SDWebImageDownloader.m; sourceTree = "<group>"; };
		39FE568A1C2A935D005708B5 /* SDWebImageDownloaderOperation.h */ = {isa = PBXFileReference; fileEncoding = 4; lastKnownFileType = sourcecode.c.h; path = SDWebImageDownloaderOperation.h; sourceTree = "<group>"; };
		39FE568B1C2A935D005708B5 /* SDWebImageDownloaderOperation.m */ = {isa = PBXFileReference; fileEncoding = 4; lastKnownFileType = sourcecode.c.objc; path = SDWebImageDownloaderOperation.m; sourceTree = "<group>"; };
		39FE568C1C2A935D005708B5 /* SDWebImageManager.h */ = {isa = PBXFileReference; fileEncoding = 4; lastKnownFileType = sourcecode.c.h; path = SDWebImageManager.h; sourceTree = "<group>"; };
		39FE568D1C2A935D005708B5 /* SDWebImageManager.m */ = {isa = PBXFileReference; fileEncoding = 4; lastKnownFileType = sourcecode.c.objc; path = SDWebImageManager.m; sourceTree = "<group>"; };
		39FE568E1C2A935D005708B5 /* SDWebImageOperation.h */ = {isa = PBXFileReference; fileEncoding = 4; lastKnownFileType = sourcecode.c.h; path = SDWebImageOperation.h; sourceTree = "<group>"; };
		39FE568F1C2A935D005708B5 /* SDWebImagePrefetcher.h */ = {isa = PBXFileReference; fileEncoding = 4; lastKnownFileType = sourcecode.c.h; path = SDWebImagePrefetcher.h; sourceTree = "<group>"; };
		39FE56901C2A935D005708B5 /* SDWebImagePrefetcher.m */ = {isa = PBXFileReference; fileEncoding = 4; lastKnownFileType = sourcecode.c.objc; path = SDWebImagePrefetcher.m; sourceTree = "<group>"; };
		39FE56911C2A935D005708B5 /* UIButton+WebCache.h */ = {isa = PBXFileReference; fileEncoding = 4; lastKnownFileType = sourcecode.c.h; path = "UIButton+WebCache.h"; sourceTree = "<group>"; };
		39FE56921C2A935D005708B5 /* UIButton+WebCache.m */ = {isa = PBXFileReference; fileEncoding = 4; lastKnownFileType = sourcecode.c.objc; path = "UIButton+WebCache.m"; sourceTree = "<group>"; };
		39FE56931C2A935D005708B5 /* UIImage+GIF.h */ = {isa = PBXFileReference; fileEncoding = 4; lastKnownFileType = sourcecode.c.h; path = "UIImage+GIF.h"; sourceTree = "<group>"; };
		39FE56941C2A935D005708B5 /* UIImage+GIF.m */ = {isa = PBXFileReference; fileEncoding = 4; lastKnownFileType = sourcecode.c.objc; path = "UIImage+GIF.m"; sourceTree = "<group>"; };
		39FE56951C2A935D005708B5 /* UIImage+MultiFormat.h */ = {isa = PBXFileReference; fileEncoding = 4; lastKnownFileType = sourcecode.c.h; path = "UIImage+MultiFormat.h"; sourceTree = "<group>"; };
		39FE56961C2A935D005708B5 /* UIImage+MultiFormat.m */ = {isa = PBXFileReference; fileEncoding = 4; lastKnownFileType = sourcecode.c.objc; path = "UIImage+MultiFormat.m"; sourceTree = "<group>"; };
		39FE56971C2A935D005708B5 /* UIImage+WebP.h */ = {isa = PBXFileReference; fileEncoding = 4; lastKnownFileType = sourcecode.c.h; path = "UIImage+WebP.h"; sourceTree = "<group>"; };
		39FE56981C2A935D005708B5 /* UIImage+WebP.m */ = {isa = PBXFileReference; fileEncoding = 4; lastKnownFileType = sourcecode.c.objc; path = "UIImage+WebP.m"; sourceTree = "<group>"; };
		39FE56991C2A935D005708B5 /* UIImageView+HighlightedWebCache.h */ = {isa = PBXFileReference; fileEncoding = 4; lastKnownFileType = sourcecode.c.h; path = "UIImageView+HighlightedWebCache.h"; sourceTree = "<group>"; };
		39FE569A1C2A935D005708B5 /* UIImageView+HighlightedWebCache.m */ = {isa = PBXFileReference; fileEncoding = 4; lastKnownFileType = sourcecode.c.objc; path = "UIImageView+HighlightedWebCache.m"; sourceTree = "<group>"; };
		39FE569B1C2A935D005708B5 /* UIImageView+WebCache.h */ = {isa = PBXFileReference; fileEncoding = 4; lastKnownFileType = sourcecode.c.h; path = "UIImageView+WebCache.h"; sourceTree = "<group>"; };
		39FE569C1C2A935D005708B5 /* UIImageView+WebCache.m */ = {isa = PBXFileReference; fileEncoding = 4; lastKnownFileType = sourcecode.c.objc; path = "UIImageView+WebCache.m"; sourceTree = "<group>"; };
		39FE569D1C2A935D005708B5 /* UIView+WebCacheOperation.h */ = {isa = PBXFileReference; fileEncoding = 4; lastKnownFileType = sourcecode.c.h; path = "UIView+WebCacheOperation.h"; sourceTree = "<group>"; };
		39FE569E1C2A935D005708B5 /* UIView+WebCacheOperation.m */ = {isa = PBXFileReference; fileEncoding = 4; lastKnownFileType = sourcecode.c.objc; path = "UIView+WebCacheOperation.m"; sourceTree = "<group>"; };
		39FE56B11C2A952C005708B5 /* FZDiscoveryController.h */ = {isa = PBXFileReference; fileEncoding = 4; lastKnownFileType = sourcecode.c.h; path = FZDiscoveryController.h; sourceTree = "<group>"; };
		39FE56B21C2A952C005708B5 /* FZDiscoveryController.m */ = {isa = PBXFileReference; fileEncoding = 4; lastKnownFileType = sourcecode.c.objc; path = FZDiscoveryController.m; sourceTree = "<group>"; };
		39FE56B91C2BCFF4005708B5 /* Assets.xcassets */ = {isa = PBXFileReference; lastKnownFileType = folder.assetcatalog; path = Assets.xcassets; sourceTree = "<group>"; };
		39FE56BB1C2BCFF4005708B5 /* Base */ = {isa = PBXFileReference; lastKnownFileType = file.storyboard; name = Base; path = Base.lproj/LaunchScreen.storyboard; sourceTree = "<group>"; };
		39FE56BC1C2BCFF4005708B5 /* FZAppDelegate.h */ = {isa = PBXFileReference; fileEncoding = 4; lastKnownFileType = sourcecode.c.h; path = FZAppDelegate.h; sourceTree = "<group>"; };
		39FE56BD1C2BCFF4005708B5 /* FZAppDelegate.m */ = {isa = PBXFileReference; fileEncoding = 4; lastKnownFileType = sourcecode.c.objc; path = FZAppDelegate.m; sourceTree = "<group>"; };
		39FE56BE1C2BCFF4005708B5 /* Info.plist */ = {isa = PBXFileReference; fileEncoding = 4; lastKnownFileType = text.plist.xml; path = Info.plist; sourceTree = "<group>"; };
		39FE56BF1C2BCFF4005708B5 /* main.m */ = {isa = PBXFileReference; fileEncoding = 4; lastKnownFileType = sourcecode.c.objc; path = main.m; sourceTree = "<group>"; };
		39FE56C01C2BCFF4005708B5 /* phFile.pch */ = {isa = PBXFileReference; fileEncoding = 4; lastKnownFileType = sourcecode.c.h; path = phFile.pch; sourceTree = "<group>"; };
		39FE56C71C2BD163005708B5 /* libz.tbd */ = {isa = PBXFileReference; lastKnownFileType = "sourcecode.text-based-dylib-definition"; name = libz.tbd; path = usr/lib/libz.tbd; sourceTree = SDKROOT; };
		39FE56C91C2BD171005708B5 /* libstdc++.tbd */ = {isa = PBXFileReference; lastKnownFileType = "sourcecode.text-based-dylib-definition"; name = "libstdc++.tbd"; path = "usr/lib/libstdc++.tbd"; sourceTree = SDKROOT; };
		39FE56CB1C2BD17B005708B5 /* libiconv.tbd */ = {isa = PBXFileReference; lastKnownFileType = "sourcecode.text-based-dylib-definition"; name = libiconv.tbd; path = usr/lib/libiconv.tbd; sourceTree = SDKROOT; };
		39FE56CD1C2BD186005708B5 /* libsqlite3.tbd */ = {isa = PBXFileReference; lastKnownFileType = "sourcecode.text-based-dylib-definition"; name = libsqlite3.tbd; path = usr/lib/libsqlite3.tbd; sourceTree = SDKROOT; };
		39FE56CF1C2BD195005708B5 /* CoreTelephony.framework */ = {isa = PBXFileReference; lastKnownFileType = wrapper.framework; name = CoreTelephony.framework; path = System/Library/Frameworks/CoreTelephony.framework; sourceTree = SDKROOT; };
		39FE56D11C2BD1A0005708B5 /* CoreGraphics.framework */ = {isa = PBXFileReference; lastKnownFileType = wrapper.framework; name = CoreGraphics.framework; path = System/Library/Frameworks/CoreGraphics.framework; sourceTree = SDKROOT; };
		39FE56D31C2BD1AB005708B5 /* Security.framework */ = {isa = PBXFileReference; lastKnownFileType = wrapper.framework; name = Security.framework; path = System/Library/Frameworks/Security.framework; sourceTree = SDKROOT; };
		39FE56D51C2BD1B8005708B5 /* SystemConfiguration.framework */ = {isa = PBXFileReference; lastKnownFileType = wrapper.framework; name = SystemConfiguration.framework; path = System/Library/Frameworks/SystemConfiguration.framework; sourceTree = SDKROOT; };
		39FE56D81C2BD2B6005708B5 /* BaseDataModel.h */ = {isa = PBXFileReference; fileEncoding = 4; lastKnownFileType = sourcecode.c.h; path = BaseDataModel.h; sourceTree = "<group>"; };
		39FE56D91C2BD2B6005708B5 /* BaseDataModel.m */ = {isa = PBXFileReference; fileEncoding = 4; lastKnownFileType = sourcecode.c.objc; path = BaseDataModel.m; sourceTree = "<group>"; };
		39FE56DC1C2BD3E5005708B5 /* FZHttpTool.h */ = {isa = PBXFileReference; fileEncoding = 4; lastKnownFileType = sourcecode.c.h; path = FZHttpTool.h; sourceTree = "<group>"; };
		39FE56DD1C2BD3E5005708B5 /* FZHttpTool.m */ = {isa = PBXFileReference; fileEncoding = 4; lastKnownFileType = sourcecode.c.objc; path = FZHttpTool.m; sourceTree = "<group>"; };
		39FE56DF1C2BD41F005708B5 /* HttpInterface.h */ = {isa = PBXFileReference; lastKnownFileType = sourcecode.c.h; path = HttpInterface.h; sourceTree = "<group>"; };
		39FE56E21C2BD755005708B5 /* AFHTTPSessionManager.h */ = {isa = PBXFileReference; fileEncoding = 4; lastKnownFileType = sourcecode.c.h; path = AFHTTPSessionManager.h; sourceTree = "<group>"; };
		39FE56E31C2BD755005708B5 /* AFHTTPSessionManager.m */ = {isa = PBXFileReference; fileEncoding = 4; lastKnownFileType = sourcecode.c.objc; path = AFHTTPSessionManager.m; sourceTree = "<group>"; };
		39FE56E41C2BD755005708B5 /* AFNetworking.h */ = {isa = PBXFileReference; fileEncoding = 4; lastKnownFileType = sourcecode.c.h; path = AFNetworking.h; sourceTree = "<group>"; };
		39FE56E51C2BD755005708B5 /* AFNetworkReachabilityManager.h */ = {isa = PBXFileReference; fileEncoding = 4; lastKnownFileType = sourcecode.c.h; path = AFNetworkReachabilityManager.h; sourceTree = "<group>"; };
		39FE56E61C2BD755005708B5 /* AFNetworkReachabilityManager.m */ = {isa = PBXFileReference; fileEncoding = 4; lastKnownFileType = sourcecode.c.objc; path = AFNetworkReachabilityManager.m; sourceTree = "<group>"; };
		39FE56E71C2BD755005708B5 /* AFSecurityPolicy.h */ = {isa = PBXFileReference; fileEncoding = 4; lastKnownFileType = sourcecode.c.h; path = AFSecurityPolicy.h; sourceTree = "<group>"; };
		39FE56E81C2BD755005708B5 /* AFSecurityPolicy.m */ = {isa = PBXFileReference; fileEncoding = 4; lastKnownFileType = sourcecode.c.objc; path = AFSecurityPolicy.m; sourceTree = "<group>"; };
		39FE56E91C2BD755005708B5 /* AFURLRequestSerialization.h */ = {isa = PBXFileReference; fileEncoding = 4; lastKnownFileType = sourcecode.c.h; path = AFURLRequestSerialization.h; sourceTree = "<group>"; };
		39FE56EA1C2BD755005708B5 /* AFURLRequestSerialization.m */ = {isa = PBXFileReference; fileEncoding = 4; lastKnownFileType = sourcecode.c.objc; path = AFURLRequestSerialization.m; sourceTree = "<group>"; };
		39FE56EB1C2BD755005708B5 /* AFURLResponseSerialization.h */ = {isa = PBXFileReference; fileEncoding = 4; lastKnownFileType = sourcecode.c.h; path = AFURLResponseSerialization.h; sourceTree = "<group>"; };
		39FE56EC1C2BD755005708B5 /* AFURLResponseSerialization.m */ = {isa = PBXFileReference; fileEncoding = 4; lastKnownFileType = sourcecode.c.objc; path = AFURLResponseSerialization.m; sourceTree = "<group>"; };
		39FE56ED1C2BD755005708B5 /* AFURLSessionManager.h */ = {isa = PBXFileReference; fileEncoding = 4; lastKnownFileType = sourcecode.c.h; path = AFURLSessionManager.h; sourceTree = "<group>"; };
		39FE56EE1C2BD755005708B5 /* AFURLSessionManager.m */ = {isa = PBXFileReference; fileEncoding = 4; lastKnownFileType = sourcecode.c.objc; path = AFURLSessionManager.m; sourceTree = "<group>"; };
		39FE56F01C2BD755005708B5 /* AFAutoPurgingImageCache.h */ = {isa = PBXFileReference; fileEncoding = 4; lastKnownFileType = sourcecode.c.h; path = AFAutoPurgingImageCache.h; sourceTree = "<group>"; };
		39FE56F11C2BD755005708B5 /* AFAutoPurgingImageCache.m */ = {isa = PBXFileReference; fileEncoding = 4; lastKnownFileType = sourcecode.c.objc; path = AFAutoPurgingImageCache.m; sourceTree = "<group>"; };
		39FE56F21C2BD755005708B5 /* AFImageDownloader.h */ = {isa = PBXFileReference; fileEncoding = 4; lastKnownFileType = sourcecode.c.h; path = AFImageDownloader.h; sourceTree = "<group>"; };
		39FE56F31C2BD755005708B5 /* AFImageDownloader.m */ = {isa = PBXFileReference; fileEncoding = 4; lastKnownFileType = sourcecode.c.objc; path = AFImageDownloader.m; sourceTree = "<group>"; };
		39FE56F41C2BD755005708B5 /* AFNetworkActivityIndicatorManager.h */ = {isa = PBXFileReference; fileEncoding = 4; lastKnownFileType = sourcecode.c.h; path = AFNetworkActivityIndicatorManager.h; sourceTree = "<group>"; };
		39FE56F51C2BD755005708B5 /* AFNetworkActivityIndicatorManager.m */ = {isa = PBXFileReference; fileEncoding = 4; lastKnownFileType = sourcecode.c.objc; path = AFNetworkActivityIndicatorManager.m; sourceTree = "<group>"; };
		39FE56F61C2BD755005708B5 /* UIActivityIndicatorView+AFNetworking.h */ = {isa = PBXFileReference; fileEncoding = 4; lastKnownFileType = sourcecode.c.h; path = "UIActivityIndicatorView+AFNetworking.h"; sourceTree = "<group>"; };
		39FE56F71C2BD755005708B5 /* UIActivityIndicatorView+AFNetworking.m */ = {isa = PBXFileReference; fileEncoding = 4; lastKnownFileType = sourcecode.c.objc; path = "UIActivityIndicatorView+AFNetworking.m"; sourceTree = "<group>"; };
		39FE56F81C2BD755005708B5 /* UIButton+AFNetworking.h */ = {isa = PBXFileReference; fileEncoding = 4; lastKnownFileType = sourcecode.c.h; path = "UIButton+AFNetworking.h"; sourceTree = "<group>"; };
		39FE56F91C2BD755005708B5 /* UIButton+AFNetworking.m */ = {isa = PBXFileReference; fileEncoding = 4; lastKnownFileType = sourcecode.c.objc; path = "UIButton+AFNetworking.m"; sourceTree = "<group>"; };
		39FE56FA1C2BD755005708B5 /* UIImage+AFNetworking.h */ = {isa = PBXFileReference; fileEncoding = 4; lastKnownFileType = sourcecode.c.h; path = "UIImage+AFNetworking.h"; sourceTree = "<group>"; };
		39FE56FB1C2BD755005708B5 /* UIImageView+AFNetworking.h */ = {isa = PBXFileReference; fileEncoding = 4; lastKnownFileType = sourcecode.c.h; path = "UIImageView+AFNetworking.h"; sourceTree = "<group>"; };
		39FE56FC1C2BD755005708B5 /* UIImageView+AFNetworking.m */ = {isa = PBXFileReference; fileEncoding = 4; lastKnownFileType = sourcecode.c.objc; path = "UIImageView+AFNetworking.m"; sourceTree = "<group>"; };
		39FE56FD1C2BD755005708B5 /* UIKit+AFNetworking.h */ = {isa = PBXFileReference; fileEncoding = 4; lastKnownFileType = sourcecode.c.h; path = "UIKit+AFNetworking.h"; sourceTree = "<group>"; };
		39FE56FE1C2BD755005708B5 /* UIProgressView+AFNetworking.h */ = {isa = PBXFileReference; fileEncoding = 4; lastKnownFileType = sourcecode.c.h; path = "UIProgressView+AFNetworking.h"; sourceTree = "<group>"; };
		39FE56FF1C2BD755005708B5 /* UIProgressView+AFNetworking.m */ = {isa = PBXFileReference; fileEncoding = 4; lastKnownFileType = sourcecode.c.objc; path = "UIProgressView+AFNetworking.m"; sourceTree = "<group>"; };
		39FE57001C2BD755005708B5 /* UIRefreshControl+AFNetworking.h */ = {isa = PBXFileReference; fileEncoding = 4; lastKnownFileType = sourcecode.c.h; path = "UIRefreshControl+AFNetworking.h"; sourceTree = "<group>"; };
		39FE57011C2BD755005708B5 /* UIRefreshControl+AFNetworking.m */ = {isa = PBXFileReference; fileEncoding = 4; lastKnownFileType = sourcecode.c.objc; path = "UIRefreshControl+AFNetworking.m"; sourceTree = "<group>"; };
		39FE57021C2BD755005708B5 /* UIWebView+AFNetworking.h */ = {isa = PBXFileReference; fileEncoding = 4; lastKnownFileType = sourcecode.c.h; path = "UIWebView+AFNetworking.h"; sourceTree = "<group>"; };
		39FE57031C2BD755005708B5 /* UIWebView+AFNetworking.m */ = {isa = PBXFileReference; fileEncoding = 4; lastKnownFileType = sourcecode.c.objc; path = "UIWebView+AFNetworking.m"; sourceTree = "<group>"; };
		39FE57151C2BE1B4005708B5 /* FZFunDayModel.h */ = {isa = PBXFileReference; fileEncoding = 4; lastKnownFileType = sourcecode.c.h; path = FZFunDayModel.h; sourceTree = "<group>"; };
		39FE57161C2BE1B4005708B5 /* FZFunDayModel.m */ = {isa = PBXFileReference; fileEncoding = 4; lastKnownFileType = sourcecode.c.objc; path = FZFunDayModel.m; sourceTree = "<group>"; };
		BC027E251C183E2500AA968A /* author_normal.png */ = {isa = PBXFileReference; lastKnownFileType = image.png; path = author_normal.png; sourceTree = "<group>"; };
		BC027E261C183E2500AA968A /* author_selected.png */ = {isa = PBXFileReference; lastKnownFileType = image.png; path = author_selected.png; sourceTree = "<group>"; };
		BC027E271C183E2500AA968A /* discovery_normal.png */ = {isa = PBXFileReference; lastKnownFileType = image.png; path = discovery_normal.png; sourceTree = "<group>"; };
		BC027E281C183E2500AA968A /* discovery_selected.png */ = {isa = PBXFileReference; lastKnownFileType = image.png; path = discovery_selected.png; sourceTree = "<group>"; };
		BC027E291C183E2500AA968A /* homepage_normal.png */ = {isa = PBXFileReference; lastKnownFileType = image.png; path = homepage_normal.png; sourceTree = "<group>"; };
		BC027E2A1C183E2500AA968A /* homepage_selected.png */ = {isa = PBXFileReference; lastKnownFileType = image.png; path = homepage_selected.png; sourceTree = "<group>"; };
		BC027E2B1C183E2500AA968A /* my_normal.png */ = {isa = PBXFileReference; lastKnownFileType = image.png; path = my_normal.png; sourceTree = "<group>"; };
		BC027E2C1C183E2500AA968A /* my_normal@2x.png */ = {isa = PBXFileReference; lastKnownFileType = image.png; path = "my_normal@2x.png"; sourceTree = "<group>"; };
		BC027E2D1C183E2500AA968A /* my_normal@3x.png */ = {isa = PBXFileReference; lastKnownFileType = image.png; path = "my_normal@3x.png"; sourceTree = "<group>"; };
		BC027E2E1C183E2500AA968A /* my_selected.png */ = {isa = PBXFileReference; lastKnownFileType = image.png; path = my_selected.png; sourceTree = "<group>"; };
		BC027E2F1C183E2500AA968A /* my_selected@2x.png */ = {isa = PBXFileReference; lastKnownFileType = image.png; path = "my_selected@2x.png"; sourceTree = "<group>"; };
		BC027E301C183E2500AA968A /* my_selected@3x.png */ = {isa = PBXFileReference; lastKnownFileType = image.png; path = "my_selected@3x.png"; sourceTree = "<group>"; };
		BC8E3F4E1C16FAD8005E01FB /* meitian.app */ = {isa = PBXFileReference; explicitFileType = wrapper.application; includeInIndex = 0; path = meitian.app; sourceTree = BUILT_PRODUCTS_DIR; };
		BC8E3F671C16FAD8005E01FB /* meitianTests.xctest */ = {isa = PBXFileReference; explicitFileType = wrapper.cfbundle; includeInIndex = 0; path = meitianTests.xctest; sourceTree = BUILT_PRODUCTS_DIR; };
		BC8E3F6B1C16FAD8005E01FB /* meitianTests.m */ = {isa = PBXFileReference; lastKnownFileType = sourcecode.c.objc; path = meitianTests.m; sourceTree = "<group>"; };
		BC8E3F6D1C16FAD8005E01FB /* Info.plist */ = {isa = PBXFileReference; lastKnownFileType = text.plist.xml; path = Info.plist; sourceTree = "<group>"; };
		BC8E3F721C16FAD8005E01FB /* meitianUITests.xctest */ = {isa = PBXFileReference; explicitFileType = wrapper.cfbundle; includeInIndex = 0; path = meitianUITests.xctest; sourceTree = BUILT_PRODUCTS_DIR; };
		BC8E3F761C16FAD8005E01FB /* meitianUITests.m */ = {isa = PBXFileReference; lastKnownFileType = sourcecode.c.objc; path = meitianUITests.m; sourceTree = "<group>"; };
		BC8E3F781C16FAD8005E01FB /* Info.plist */ = {isa = PBXFileReference; lastKnownFileType = text.plist.xml; path = Info.plist; sourceTree = "<group>"; };
		BC8E3FDE1C16FEF5005E01FB /* MJRefreshAutoFooter.h */ = {isa = PBXFileReference; fileEncoding = 4; lastKnownFileType = sourcecode.c.h; path = MJRefreshAutoFooter.h; sourceTree = "<group>"; };
		BC8E3FDF1C16FEF5005E01FB /* MJRefreshAutoFooter.m */ = {isa = PBXFileReference; fileEncoding = 4; lastKnownFileType = sourcecode.c.objc; path = MJRefreshAutoFooter.m; sourceTree = "<group>"; };
		BC8E3FE01C16FEF5005E01FB /* MJRefreshBackFooter.h */ = {isa = PBXFileReference; fileEncoding = 4; lastKnownFileType = sourcecode.c.h; path = MJRefreshBackFooter.h; sourceTree = "<group>"; };
		BC8E3FE11C16FEF5005E01FB /* MJRefreshBackFooter.m */ = {isa = PBXFileReference; fileEncoding = 4; lastKnownFileType = sourcecode.c.objc; path = MJRefreshBackFooter.m; sourceTree = "<group>"; };
		BC8E3FE21C16FEF5005E01FB /* MJRefreshComponent.h */ = {isa = PBXFileReference; fileEncoding = 4; lastKnownFileType = sourcecode.c.h; path = MJRefreshComponent.h; sourceTree = "<group>"; };
		BC8E3FE31C16FEF5005E01FB /* MJRefreshComponent.m */ = {isa = PBXFileReference; fileEncoding = 4; lastKnownFileType = sourcecode.c.objc; path = MJRefreshComponent.m; sourceTree = "<group>"; };
		BC8E3FE41C16FEF5005E01FB /* MJRefreshFooter.h */ = {isa = PBXFileReference; fileEncoding = 4; lastKnownFileType = sourcecode.c.h; path = MJRefreshFooter.h; sourceTree = "<group>"; };
		BC8E3FE51C16FEF5005E01FB /* MJRefreshFooter.m */ = {isa = PBXFileReference; fileEncoding = 4; lastKnownFileType = sourcecode.c.objc; path = MJRefreshFooter.m; sourceTree = "<group>"; };
		BC8E3FE61C16FEF5005E01FB /* MJRefreshHeader.h */ = {isa = PBXFileReference; fileEncoding = 4; lastKnownFileType = sourcecode.c.h; path = MJRefreshHeader.h; sourceTree = "<group>"; };
		BC8E3FE71C16FEF5005E01FB /* MJRefreshHeader.m */ = {isa = PBXFileReference; fileEncoding = 4; lastKnownFileType = sourcecode.c.objc; path = MJRefreshHeader.m; sourceTree = "<group>"; };
		BC8E3FEB1C16FEF5005E01FB /* MJRefreshAutoGifFooter.h */ = {isa = PBXFileReference; fileEncoding = 4; lastKnownFileType = sourcecode.c.h; path = MJRefreshAutoGifFooter.h; sourceTree = "<group>"; };
		BC8E3FEC1C16FEF5005E01FB /* MJRefreshAutoGifFooter.m */ = {isa = PBXFileReference; fileEncoding = 4; lastKnownFileType = sourcecode.c.objc; path = MJRefreshAutoGifFooter.m; sourceTree = "<group>"; };
		BC8E3FED1C16FEF5005E01FB /* MJRefreshAutoNormalFooter.h */ = {isa = PBXFileReference; fileEncoding = 4; lastKnownFileType = sourcecode.c.h; path = MJRefreshAutoNormalFooter.h; sourceTree = "<group>"; };
		BC8E3FEE1C16FEF5005E01FB /* MJRefreshAutoNormalFooter.m */ = {isa = PBXFileReference; fileEncoding = 4; lastKnownFileType = sourcecode.c.objc; path = MJRefreshAutoNormalFooter.m; sourceTree = "<group>"; };
		BC8E3FEF1C16FEF5005E01FB /* MJRefreshAutoStateFooter.h */ = {isa = PBXFileReference; fileEncoding = 4; lastKnownFileType = sourcecode.c.h; path = MJRefreshAutoStateFooter.h; sourceTree = "<group>"; };
		BC8E3FF01C16FEF5005E01FB /* MJRefreshAutoStateFooter.m */ = {isa = PBXFileReference; fileEncoding = 4; lastKnownFileType = sourcecode.c.objc; path = MJRefreshAutoStateFooter.m; sourceTree = "<group>"; };
		BC8E3FF21C16FEF5005E01FB /* MJRefreshBackGifFooter.h */ = {isa = PBXFileReference; fileEncoding = 4; lastKnownFileType = sourcecode.c.h; path = MJRefreshBackGifFooter.h; sourceTree = "<group>"; };
		BC8E3FF31C16FEF5005E01FB /* MJRefreshBackGifFooter.m */ = {isa = PBXFileReference; fileEncoding = 4; lastKnownFileType = sourcecode.c.objc; path = MJRefreshBackGifFooter.m; sourceTree = "<group>"; };
		BC8E3FF41C16FEF5005E01FB /* MJRefreshBackNormalFooter.h */ = {isa = PBXFileReference; fileEncoding = 4; lastKnownFileType = sourcecode.c.h; path = MJRefreshBackNormalFooter.h; sourceTree = "<group>"; };
		BC8E3FF51C16FEF5005E01FB /* MJRefreshBackNormalFooter.m */ = {isa = PBXFileReference; fileEncoding = 4; lastKnownFileType = sourcecode.c.objc; path = MJRefreshBackNormalFooter.m; sourceTree = "<group>"; };
		BC8E3FF61C16FEF5005E01FB /* MJRefreshBackStateFooter.h */ = {isa = PBXFileReference; fileEncoding = 4; lastKnownFileType = sourcecode.c.h; path = MJRefreshBackStateFooter.h; sourceTree = "<group>"; };
		BC8E3FF71C16FEF5005E01FB /* MJRefreshBackStateFooter.m */ = {isa = PBXFileReference; fileEncoding = 4; lastKnownFileType = sourcecode.c.objc; path = MJRefreshBackStateFooter.m; sourceTree = "<group>"; };
		BC8E3FF91C16FEF5005E01FB /* MJRefreshGifHeader.h */ = {isa = PBXFileReference; fileEncoding = 4; lastKnownFileType = sourcecode.c.h; path = MJRefreshGifHeader.h; sourceTree = "<group>"; };
		BC8E3FFA1C16FEF5005E01FB /* MJRefreshGifHeader.m */ = {isa = PBXFileReference; fileEncoding = 4; lastKnownFileType = sourcecode.c.objc; path = MJRefreshGifHeader.m; sourceTree = "<group>"; };
		BC8E3FFB1C16FEF5005E01FB /* MJRefreshNormalHeader.h */ = {isa = PBXFileReference; fileEncoding = 4; lastKnownFileType = sourcecode.c.h; path = MJRefreshNormalHeader.h; sourceTree = "<group>"; };
		BC8E3FFC1C16FEF5005E01FB /* MJRefreshNormalHeader.m */ = {isa = PBXFileReference; fileEncoding = 4; lastKnownFileType = sourcecode.c.objc; path = MJRefreshNormalHeader.m; sourceTree = "<group>"; };
		BC8E3FFD1C16FEF5005E01FB /* MJRefreshStateHeader.h */ = {isa = PBXFileReference; fileEncoding = 4; lastKnownFileType = sourcecode.c.h; path = MJRefreshStateHeader.h; sourceTree = "<group>"; };
		BC8E3FFE1C16FEF5005E01FB /* MJRefreshStateHeader.m */ = {isa = PBXFileReference; fileEncoding = 4; lastKnownFileType = sourcecode.c.objc; path = MJRefreshStateHeader.m; sourceTree = "<group>"; };
		BC8E3FFF1C16FEF5005E01FB /* MJRefresh.bundle */ = {isa = PBXFileReference; lastKnownFileType = "wrapper.plug-in"; path = MJRefresh.bundle; sourceTree = "<group>"; };
		BC8E40001C16FEF5005E01FB /* MJRefresh.h */ = {isa = PBXFileReference; fileEncoding = 4; lastKnownFileType = sourcecode.c.h; path = MJRefresh.h; sourceTree = "<group>"; };
		BC8E40011C16FEF5005E01FB /* MJRefreshConst.h */ = {isa = PBXFileReference; fileEncoding = 4; lastKnownFileType = sourcecode.c.h; path = MJRefreshConst.h; sourceTree = "<group>"; };
		BC8E40021C16FEF5005E01FB /* MJRefreshConst.m */ = {isa = PBXFileReference; fileEncoding = 4; lastKnownFileType = sourcecode.c.objc; path = MJRefreshConst.m; sourceTree = "<group>"; };
		BC8E40031C16FEF5005E01FB /* UIScrollView+MJExtension.h */ = {isa = PBXFileReference; fileEncoding = 4; lastKnownFileType = sourcecode.c.h; path = "UIScrollView+MJExtension.h"; sourceTree = "<group>"; };
		BC8E40041C16FEF5005E01FB /* UIScrollView+MJExtension.m */ = {isa = PBXFileReference; fileEncoding = 4; lastKnownFileType = sourcecode.c.objc; path = "UIScrollView+MJExtension.m"; sourceTree = "<group>"; };
		BC8E40051C16FEF5005E01FB /* UIScrollView+MJRefresh.h */ = {isa = PBXFileReference; fileEncoding = 4; lastKnownFileType = sourcecode.c.h; path = "UIScrollView+MJRefresh.h"; sourceTree = "<group>"; };
		BC8E40061C16FEF5005E01FB /* UIScrollView+MJRefresh.m */ = {isa = PBXFileReference; fileEncoding = 4; lastKnownFileType = sourcecode.c.objc; path = "UIScrollView+MJRefresh.m"; sourceTree = "<group>"; };
		BC8E40071C16FEF5005E01FB /* UIView+MJExtension.h */ = {isa = PBXFileReference; fileEncoding = 4; lastKnownFileType = sourcecode.c.h; path = "UIView+MJExtension.h"; sourceTree = "<group>"; };
		BC8E40081C16FEF5005E01FB /* UIView+MJExtension.m */ = {isa = PBXFileReference; fileEncoding = 4; lastKnownFileType = sourcecode.c.objc; path = "UIView+MJExtension.m"; sourceTree = "<group>"; };
		BC8E401D1C16FF0B005E01FB /* NJKWebViewProgress.h */ = {isa = PBXFileReference; fileEncoding = 4; lastKnownFileType = sourcecode.c.h; path = NJKWebViewProgress.h; sourceTree = "<group>"; };
		BC8E401E1C16FF0B005E01FB /* NJKWebViewProgress.m */ = {isa = PBXFileReference; fileEncoding = 4; lastKnownFileType = sourcecode.c.objc; path = NJKWebViewProgress.m; sourceTree = "<group>"; };
		BC8E401F1C16FF0B005E01FB /* NJKWebViewProgressView.h */ = {isa = PBXFileReference; fileEncoding = 4; lastKnownFileType = sourcecode.c.h; path = NJKWebViewProgressView.h; sourceTree = "<group>"; };
		BC8E40201C16FF0B005E01FB /* NJKWebViewProgressView.m */ = {isa = PBXFileReference; fileEncoding = 4; lastKnownFileType = sourcecode.c.objc; path = NJKWebViewProgressView.m; sourceTree = "<group>"; };
		BC8E40241C16FF3E005E01FB /* ZLScreenAdapter.h */ = {isa = PBXFileReference; fileEncoding = 4; lastKnownFileType = sourcecode.c.h; path = ZLScreenAdapter.h; sourceTree = "<group>"; };
		BC8E40251C16FF3E005E01FB /* ZLScreenAdapter.m */ = {isa = PBXFileReference; fileEncoding = 4; lastKnownFileType = sourcecode.c.objc; path = ZLScreenAdapter.m; sourceTree = "<group>"; };
		BC8E40261C16FF3E005E01FB /* ZLScreenAdaption.h */ = {isa = PBXFileReference; fileEncoding = 4; lastKnownFileType = sourcecode.c.h; path = ZLScreenAdaption.h; sourceTree = "<group>"; };
		BC8E40291C16FF4A005E01FB /* UIView+ChangeViewCenter.h */ = {isa = PBXFileReference; fileEncoding = 4; lastKnownFileType = sourcecode.c.h; path = "UIView+ChangeViewCenter.h"; sourceTree = "<group>"; };
		BC8E402A1C16FF4A005E01FB /* UIView+ChangeViewCenter.m */ = {isa = PBXFileReference; fileEncoding = 4; lastKnownFileType = sourcecode.c.objc; path = "UIView+ChangeViewCenter.m"; sourceTree = "<group>"; };
		BC8E402D1C16FF52005E01FB /* UIImage+ImageColor.h */ = {isa = PBXFileReference; fileEncoding = 4; lastKnownFileType = sourcecode.c.h; path = "UIImage+ImageColor.h"; sourceTree = "<group>"; };
		BC8E402E1C16FF52005E01FB /* UIImage+ImageColor.m */ = {isa = PBXFileReference; fileEncoding = 4; lastKnownFileType = sourcecode.c.objc; path = "UIImage+ImageColor.m"; sourceTree = "<group>"; };
		BC8E40311C16FF67005E01FB /* ZLTabBar.h */ = {isa = PBXFileReference; fileEncoding = 4; lastKnownFileType = sourcecode.c.h; path = ZLTabBar.h; sourceTree = "<group>"; };
		BC8E40321C16FF67005E01FB /* ZLTabBar.m */ = {isa = PBXFileReference; fileEncoding = 4; lastKnownFileType = sourcecode.c.objc; path = ZLTabBar.m; sourceTree = "<group>"; };
		BC8E40351C16FF6A005E01FB /* ZLTabBarController.h */ = {isa = PBXFileReference; fileEncoding = 4; lastKnownFileType = sourcecode.c.h; path = ZLTabBarController.h; sourceTree = "<group>"; };
		BC8E40361C16FF6A005E01FB /* ZLTabBarController.m */ = {isa = PBXFileReference; fileEncoding = 4; lastKnownFileType = sourcecode.c.objc; path = ZLTabBarController.m; sourceTree = "<group>"; };
		BC8E403D1C16FF7C005E01FB /* FMDatabase.h */ = {isa = PBXFileReference; fileEncoding = 4; lastKnownFileType = sourcecode.c.h; path = FMDatabase.h; sourceTree = "<group>"; };
		BC8E403E1C16FF7C005E01FB /* FMDatabase.m */ = {isa = PBXFileReference; fileEncoding = 4; lastKnownFileType = sourcecode.c.objc; path = FMDatabase.m; sourceTree = "<group>"; };
		BC8E403F1C16FF7C005E01FB /* FMDatabaseAdditions.h */ = {isa = PBXFileReference; fileEncoding = 4; lastKnownFileType = sourcecode.c.h; path = FMDatabaseAdditions.h; sourceTree = "<group>"; };
		BC8E40401C16FF7C005E01FB /* FMDatabaseAdditions.m */ = {isa = PBXFileReference; fileEncoding = 4; lastKnownFileType = sourcecode.c.objc; path = FMDatabaseAdditions.m; sourceTree = "<group>"; };
		BC8E40411C16FF7C005E01FB /* FMDatabasePool.h */ = {isa = PBXFileReference; fileEncoding = 4; lastKnownFileType = sourcecode.c.h; path = FMDatabasePool.h; sourceTree = "<group>"; };
		BC8E40421C16FF7C005E01FB /* FMDatabasePool.m */ = {isa = PBXFileReference; fileEncoding = 4; lastKnownFileType = sourcecode.c.objc; path = FMDatabasePool.m; sourceTree = "<group>"; };
		BC8E40431C16FF7C005E01FB /* FMDatabaseQueue.h */ = {isa = PBXFileReference; fileEncoding = 4; lastKnownFileType = sourcecode.c.h; path = FMDatabaseQueue.h; sourceTree = "<group>"; };
		BC8E40441C16FF7C005E01FB /* FMDatabaseQueue.m */ = {isa = PBXFileReference; fileEncoding = 4; lastKnownFileType = sourcecode.c.objc; path = FMDatabaseQueue.m; sourceTree = "<group>"; };
		BC8E40451C16FF7C005E01FB /* FMResultSet.h */ = {isa = PBXFileReference; fileEncoding = 4; lastKnownFileType = sourcecode.c.h; path = FMResultSet.h; sourceTree = "<group>"; };
		BC8E40461C16FF7C005E01FB /* FMResultSet.m */ = {isa = PBXFileReference; fileEncoding = 4; lastKnownFileType = sourcecode.c.objc; path = FMResultSet.m; sourceTree = "<group>"; };
/* End PBXFileReference section */

/* Begin PBXFrameworksBuildPhase section */
		BC8E3F4B1C16FAD7005E01FB /* Frameworks */ = {
			isa = PBXFrameworksBuildPhase;
			buildActionMask = 2147483647;
			files = (
				39FE56D61C2BD1B8005708B5 /* SystemConfiguration.framework in Frameworks */,
				39FE56D41C2BD1AB005708B5 /* Security.framework in Frameworks */,
				39FE56D21C2BD1A0005708B5 /* CoreGraphics.framework in Frameworks */,
				39FE56D01C2BD195005708B5 /* CoreTelephony.framework in Frameworks */,
				39FE56CE1C2BD186005708B5 /* libsqlite3.tbd in Frameworks */,
				39FE56CC1C2BD17B005708B5 /* libiconv.tbd in Frameworks */,
				39FE56CA1C2BD171005708B5 /* libstdc++.tbd in Frameworks */,
				39FE56C81C2BD163005708B5 /* libz.tbd in Frameworks */,
			);
			runOnlyForDeploymentPostprocessing = 0;
		};
		BC8E3F641C16FAD8005E01FB /* Frameworks */ = {
			isa = PBXFrameworksBuildPhase;
			buildActionMask = 2147483647;
			files = (
			);
			runOnlyForDeploymentPostprocessing = 0;
		};
		BC8E3F6F1C16FAD8005E01FB /* Frameworks */ = {
			isa = PBXFrameworksBuildPhase;
			buildActionMask = 2147483647;
			files = (
			);
			runOnlyForDeploymentPostprocessing = 0;
		};
/* End PBXFrameworksBuildPhase section */

/* Begin PBXGroup section */
		39FE56311C2A9141005708B5 /* FZRotatingBanner */ = {
			isa = PBXGroup;
			children = (
				39FE56321C2A9141005708B5 /* FZRotatingBanner.h */,
				39FE56331C2A9141005708B5 /* FZRotatingBanner.m */,
				39FE56341C2A9141005708B5 /* ImageInher */,
				39FE56371C2A9141005708B5 /* MyCollectionViewCell */,
			);
			path = FZRotatingBanner;
			sourceTree = "<group>";
		};
		39FE56341C2A9141005708B5 /* ImageInher */ = {
			isa = PBXGroup;
			children = (
				39FE56351C2A9141005708B5 /* FZImage.h */,
				39FE56361C2A9141005708B5 /* FZImage.m */,
			);
			path = ImageInher;
			sourceTree = "<group>";
		};
		39FE56371C2A9141005708B5 /* MyCollectionViewCell */ = {
			isa = PBXGroup;
			children = (
				39FE56381C2A9141005708B5 /* MyCollectionViewCell.h */,
				39FE56391C2A9141005708B5 /* MyCollectionViewCell.m */,
				39FE563A1C2A9141005708B5 /* MyCollectionViewCell.xib */,
			);
			path = MyCollectionViewCell;
			sourceTree = "<group>";
		};
		39FE56711C2A9218005708B5 /* Model */ = {
			isa = PBXGroup;
			children = (
				39FE56D71C2BD2B6005708B5 /* BaseDataModel */,
			);
			path = Model;
			sourceTree = "<group>";
		};
		39FE56721C2A9218005708B5 /* View */ = {
			isa = PBXGroup;
			children = (
			);
			path = View;
			sourceTree = "<group>";
		};
		39FE56751C2A923C005708B5 /* Model */ = {
			isa = PBXGroup;
			children = (
				39FE57151C2BE1B4005708B5 /* FZFunDayModel.h */,
				39FE57161C2BE1B4005708B5 /* FZFunDayModel.m */,
			);
			path = Model;
			sourceTree = "<group>";
		};
		39FE56761C2A923C005708B5 /* View */ = {
			isa = PBXGroup;
			children = (
			);
			path = View;
			sourceTree = "<group>";
		};
		39FE56791C2A925F005708B5 /* Model */ = {
			isa = PBXGroup;
			children = (
			);
			path = Model;
			sourceTree = "<group>";
		};
		39FE567A1C2A925F005708B5 /* View */ = {
			isa = PBXGroup;
			children = (
			);
			path = View;
			sourceTree = "<group>";
		};
		39FE567B1C2A926A005708B5 /* Model */ = {
			isa = PBXGroup;
			children = (
			);
			path = Model;
			sourceTree = "<group>";
		};
		39FE567C1C2A926A005708B5 /* View */ = {
			isa = PBXGroup;
			children = (
			);
			path = View;
			sourceTree = "<group>";
		};
		39FE567D1C2A935D005708B5 /* SDWebImage */ = {
			isa = PBXGroup;
			children = (
				39FE567E1C2A935D005708B5 /* MKAnnotationView+WebCache.h */,
				39FE567F1C2A935D005708B5 /* MKAnnotationView+WebCache.m */,
				39FE56801C2A935D005708B5 /* NSData+ImageContentType.h */,
				39FE56811C2A935D005708B5 /* NSData+ImageContentType.m */,
				39FE56821C2A935D005708B5 /* SDImageCache.h */,
				39FE56831C2A935D005708B5 /* SDImageCache.m */,
				39FE56841C2A935D005708B5 /* SDWebImageCompat.h */,
				39FE56851C2A935D005708B5 /* SDWebImageCompat.m */,
				39FE56861C2A935D005708B5 /* SDWebImageDecoder.h */,
				39FE56871C2A935D005708B5 /* SDWebImageDecoder.m */,
				39FE56881C2A935D005708B5 /* SDWebImageDownloader.h */,
				39FE56891C2A935D005708B5 /* SDWebImageDownloader.m */,
				39FE568A1C2A935D005708B5 /* SDWebImageDownloaderOperation.h */,
				39FE568B1C2A935D005708B5 /* SDWebImageDownloaderOperation.m */,
				39FE568C1C2A935D005708B5 /* SDWebImageManager.h */,
				39FE568D1C2A935D005708B5 /* SDWebImageManager.m */,
				39FE568E1C2A935D005708B5 /* SDWebImageOperation.h */,
				39FE568F1C2A935D005708B5 /* SDWebImagePrefetcher.h */,
				39FE56901C2A935D005708B5 /* SDWebImagePrefetcher.m */,
				39FE56911C2A935D005708B5 /* UIButton+WebCache.h */,
				39FE56921C2A935D005708B5 /* UIButton+WebCache.m */,
				39FE56931C2A935D005708B5 /* UIImage+GIF.h */,
				39FE56941C2A935D005708B5 /* UIImage+GIF.m */,
				39FE56951C2A935D005708B5 /* UIImage+MultiFormat.h */,
				39FE56961C2A935D005708B5 /* UIImage+MultiFormat.m */,
				39FE56971C2A935D005708B5 /* UIImage+WebP.h */,
				39FE56981C2A935D005708B5 /* UIImage+WebP.m */,
				39FE56991C2A935D005708B5 /* UIImageView+HighlightedWebCache.h */,
				39FE569A1C2A935D005708B5 /* UIImageView+HighlightedWebCache.m */,
				39FE569B1C2A935D005708B5 /* UIImageView+WebCache.h */,
				39FE569C1C2A935D005708B5 /* UIImageView+WebCache.m */,
				39FE569D1C2A935D005708B5 /* UIView+WebCacheOperation.h */,
				39FE569E1C2A935D005708B5 /* UIView+WebCacheOperation.m */,
			);
			path = SDWebImage;
			sourceTree = "<group>";
		};
		39FE56AF1C2A952C005708B5 /* DiscoveryPage(发现) */ = {
			isa = PBXGroup;
			children = (
				39FE56B01C2A952C005708B5 /* Controller */,
				39FE56B31C2A952C005708B5 /* Model */,
				39FE56B41C2A952C005708B5 /* View */,
			);
			name = "DiscoveryPage(发现)";
			path = DiscoveryPage;
			sourceTree = "<group>";
		};
		39FE56B01C2A952C005708B5 /* Controller */ = {
			isa = PBXGroup;
			children = (
				39FE56B11C2A952C005708B5 /* FZDiscoveryController.h */,
				39FE56B21C2A952C005708B5 /* FZDiscoveryController.m */,
			);
			path = Controller;
			sourceTree = "<group>";
		};
		39FE56B31C2A952C005708B5 /* Model */ = {
			isa = PBXGroup;
			children = (
			);
			path = Model;
			sourceTree = "<group>";
		};
		39FE56B41C2A952C005708B5 /* View */ = {
			isa = PBXGroup;
			children = (
			);
			path = View;
			sourceTree = "<group>";
		};
		39FE56B71C2BCFC3005708B5 /* Tools(工具类) */ = {
			isa = PBXGroup;
			children = (
				39FE57141C2BE094005708B5 /* StoreUpTool(收藏) */,
				39FE57131C2BDACA005708B5 /* CacheTool(缓存) */,
				39FE56DB1C2BD3CB005708B5 /* HttpTool(网络请求) */,
			);
			name = "Tools(工具类)";
			path = Tools;
			sourceTree = "<group>";
		};
		39FE56B81C2BCFF4005708B5 /* Applications */ = {
			isa = PBXGroup;
			children = (
				39FE56B91C2BCFF4005708B5 /* Assets.xcassets */,
				39FE56BA1C2BCFF4005708B5 /* LaunchScreen.storyboard */,
				39FE56BC1C2BCFF4005708B5 /* FZAppDelegate.h */,
				39FE56BD1C2BCFF4005708B5 /* FZAppDelegate.m */,
				39FE56BE1C2BCFF4005708B5 /* Info.plist */,
				39FE56BF1C2BCFF4005708B5 /* main.m */,
				39FE56C01C2BCFF4005708B5 /* phFile.pch */,
				39FE56DF1C2BD41F005708B5 /* HttpInterface.h */,
			);
			path = Applications;
			sourceTree = "<group>";
		};
		39FE56C61C2BD059005708B5 /* LibsAndFramework */ = {
			isa = PBXGroup;
			children = (
				39FE56D51C2BD1B8005708B5 /* SystemConfiguration.framework */,
				39FE56D31C2BD1AB005708B5 /* Security.framework */,
				39FE56D11C2BD1A0005708B5 /* CoreGraphics.framework */,
				39FE56CF1C2BD195005708B5 /* CoreTelephony.framework */,
				39FE56CD1C2BD186005708B5 /* libsqlite3.tbd */,
				39FE56CB1C2BD17B005708B5 /* libiconv.tbd */,
				39FE56C91C2BD171005708B5 /* libstdc++.tbd */,
				39FE56C71C2BD163005708B5 /* libz.tbd */,
			);
			path = LibsAndFramework;
			sourceTree = "<group>";
		};
		39FE56D71C2BD2B6005708B5 /* BaseDataModel */ = {
			isa = PBXGroup;
			children = (
				39FE56D81C2BD2B6005708B5 /* BaseDataModel.h */,
				39FE56D91C2BD2B6005708B5 /* BaseDataModel.m */,
			);
			path = BaseDataModel;
			sourceTree = "<group>";
		};
		39FE56DB1C2BD3CB005708B5 /* HttpTool(网络请求) */ = {
			isa = PBXGroup;
			children = (
				39FE56DC1C2BD3E5005708B5 /* FZHttpTool.h */,
				39FE56DD1C2BD3E5005708B5 /* FZHttpTool.m */,
			);
			name = "HttpTool(网络请求)";
			sourceTree = "<group>";
		};
		39FE56E01C2BD755005708B5 /* AFNetworking */ = {
			isa = PBXGroup;
			children = (
				39FE56E11C2BD755005708B5 /* AFNetworking */,
				39FE56EF1C2BD755005708B5 /* UIKit+AFNetworking */,
			);
			path = AFNetworking;
			sourceTree = "<group>";
		};
		39FE56E11C2BD755005708B5 /* AFNetworking */ = {
			isa = PBXGroup;
			children = (
				39FE56E21C2BD755005708B5 /* AFHTTPSessionManager.h */,
				39FE56E31C2BD755005708B5 /* AFHTTPSessionManager.m */,
				39FE56E41C2BD755005708B5 /* AFNetworking.h */,
				39FE56E51C2BD755005708B5 /* AFNetworkReachabilityManager.h */,
				39FE56E61C2BD755005708B5 /* AFNetworkReachabilityManager.m */,
				39FE56E71C2BD755005708B5 /* AFSecurityPolicy.h */,
				39FE56E81C2BD755005708B5 /* AFSecurityPolicy.m */,
				39FE56E91C2BD755005708B5 /* AFURLRequestSerialization.h */,
				39FE56EA1C2BD755005708B5 /* AFURLRequestSerialization.m */,
				39FE56EB1C2BD755005708B5 /* AFURLResponseSerialization.h */,
				39FE56EC1C2BD755005708B5 /* AFURLResponseSerialization.m */,
				39FE56ED1C2BD755005708B5 /* AFURLSessionManager.h */,
				39FE56EE1C2BD755005708B5 /* AFURLSessionManager.m */,
			);
			path = AFNetworking;
			sourceTree = "<group>";
		};
		39FE56EF1C2BD755005708B5 /* UIKit+AFNetworking */ = {
			isa = PBXGroup;
			children = (
				39FE56F01C2BD755005708B5 /* AFAutoPurgingImageCache.h */,
				39FE56F11C2BD755005708B5 /* AFAutoPurgingImageCache.m */,
				39FE56F21C2BD755005708B5 /* AFImageDownloader.h */,
				39FE56F31C2BD755005708B5 /* AFImageDownloader.m */,
				39FE56F41C2BD755005708B5 /* AFNetworkActivityIndicatorManager.h */,
				39FE56F51C2BD755005708B5 /* AFNetworkActivityIndicatorManager.m */,
				39FE56F61C2BD755005708B5 /* UIActivityIndicatorView+AFNetworking.h */,
				39FE56F71C2BD755005708B5 /* UIActivityIndicatorView+AFNetworking.m */,
				39FE56F81C2BD755005708B5 /* UIButton+AFNetworking.h */,
				39FE56F91C2BD755005708B5 /* UIButton+AFNetworking.m */,
				39FE56FA1C2BD755005708B5 /* UIImage+AFNetworking.h */,
				39FE56FB1C2BD755005708B5 /* UIImageView+AFNetworking.h */,
				39FE56FC1C2BD755005708B5 /* UIImageView+AFNetworking.m */,
				39FE56FD1C2BD755005708B5 /* UIKit+AFNetworking.h */,
				39FE56FE1C2BD755005708B5 /* UIProgressView+AFNetworking.h */,
				39FE56FF1C2BD755005708B5 /* UIProgressView+AFNetworking.m */,
				39FE57001C2BD755005708B5 /* UIRefreshControl+AFNetworking.h */,
				39FE57011C2BD755005708B5 /* UIRefreshControl+AFNetworking.m */,
				39FE57021C2BD755005708B5 /* UIWebView+AFNetworking.h */,
				39FE57031C2BD755005708B5 /* UIWebView+AFNetworking.m */,
			);
			path = "UIKit+AFNetworking";
			sourceTree = "<group>";
		};
		39FE57131C2BDACA005708B5 /* CacheTool(缓存) */ = {
			isa = PBXGroup;
			children = (
			);
			name = "CacheTool(缓存)";
			sourceTree = "<group>";
		};
		39FE57141C2BE094005708B5 /* StoreUpTool(收藏) */ = {
			isa = PBXGroup;
			children = (
			);
			name = "StoreUpTool(收藏)";
			sourceTree = "<group>";
		};
		BC8E3F451C16FAD7005E01FB = {
			isa = PBXGroup;
			children = (
				BC8E3F501C16FAD8005E01FB /* meitian */,
				BC8E3F6A1C16FAD8005E01FB /* meitianTests */,
				BC8E3F751C16FAD8005E01FB /* meitianUITests */,
				BC8E3F4F1C16FAD8005E01FB /* Products */,
			);
			sourceTree = "<group>";
		};
		BC8E3F4F1C16FAD8005E01FB /* Products */ = {
			isa = PBXGroup;
			children = (
				BC8E3F4E1C16FAD8005E01FB /* meitian.app */,
				BC8E3F671C16FAD8005E01FB /* meitianTests.xctest */,
				BC8E3F721C16FAD8005E01FB /* meitianUITests.xctest */,
			);
			name = Products;
			sourceTree = "<group>";
		};
		BC8E3F501C16FAD8005E01FB /* meitian */ = {
			isa = PBXGroup;
			children = (
				39FE56B81C2BCFF4005708B5 /* Applications */,
				39FE56B71C2BCFC3005708B5 /* Tools(工具类) */,
				39FE56C61C2BD059005708B5 /* LibsAndFramework */,
				BC8E408F1C170168005E01FB /* HomePageResource */,
				BC8E3F861C16FDB4005E01FB /* MyClass */,
				BC8E3F851C16FDAF005E01FB /* Third */,
				BC8E3F841C16FDA4005E01FB /* PageController */,
			);
			path = meitian;
			sourceTree = "<group>";
		};
		BC8E3F6A1C16FAD8005E01FB /* meitianTests */ = {
			isa = PBXGroup;
			children = (
				BC8E3F6B1C16FAD8005E01FB /* meitianTests.m */,
				BC8E3F6D1C16FAD8005E01FB /* Info.plist */,
			);
			path = meitianTests;
			sourceTree = "<group>";
		};
		BC8E3F751C16FAD8005E01FB /* meitianUITests */ = {
			isa = PBXGroup;
			children = (
				BC8E3F761C16FAD8005E01FB /* meitianUITests.m */,
				BC8E3F781C16FAD8005E01FB /* Info.plist */,
			);
			path = meitianUITests;
			sourceTree = "<group>";
		};
		BC8E3F841C16FDA4005E01FB /* PageController */ = {
			isa = PBXGroup;
			children = (
				BC8E3F881C16FE7E005E01FB /* CommonPage(基类) */,
				BC8E3F901C16FE7E005E01FB /* FunDayPage(每天) */,
				39FE56AF1C2A952C005708B5 /* DiscoveryPage(发现) */,
				BC8E3F981C16FE7E005E01FB /* SpecialPage(专栏) */,
				BC8E3F941C16FE7E005E01FB /* MyPage(我的设置) */,
			);
			path = PageController;
			sourceTree = "<group>";
		};
		BC8E3F851C16FDAF005E01FB /* Third */ = {
			isa = PBXGroup;
			children = (
				39FE56E01C2BD755005708B5 /* AFNetworking */,
				39FE567D1C2A935D005708B5 /* SDWebImage */,
				BC8E403C1C16FF7C005E01FB /* FMDB */,
				BC8E401C1C16FF0B005E01FB /* NJKWebViewProgress */,
				BC8E3FDC1C16FEF5005E01FB /* MJRefresh */,
			);
			path = Third;
			sourceTree = "<group>";
		};
		BC8E3F861C16FDB4005E01FB /* MyClass */ = {
			isa = PBXGroup;
			children = (
				39FE56311C2A9141005708B5 /* FZRotatingBanner */,
				BC8E40341C16FF6A005E01FB /* ZLTabBarController */,
				BC8E40301C16FF67005E01FB /* ZLTabBar */,
				BC8E402C1C16FF52005E01FB /* UIImage+ImageColor */,
				BC8E40281C16FF4A005E01FB /* UIView+changeViewCenter */,
				BC8E40231C16FF3E005E01FB /* ZLScreenAdapter */,
			);
			path = MyClass;
			sourceTree = "<group>";
		};
		BC8E3F881C16FE7E005E01FB /* CommonPage(基类) */ = {
			isa = PBXGroup;
			children = (
				39FE56711C2A9218005708B5 /* Model */,
				39FE56721C2A9218005708B5 /* View */,
				BC8E3F891C16FE7E005E01FB /* Controller */,
			);
			name = "CommonPage(基类)";
			path = CommonPage;
			sourceTree = "<group>";
		};
		BC8E3F891C16FE7E005E01FB /* Controller */ = {
			isa = PBXGroup;
			children = (
				39BAB4F41C26B10900B58096 /* FZRootViewController.h */,
				39BAB4F51C26B10900B58096 /* FZRootViewController.m */,
				39BAB4F71C26B13500B58096 /* FZBaseViewController.h */,
				39BAB4F81C26B13500B58096 /* FZBaseViewController.m */,
			);
			path = Controller;
			sourceTree = "<group>";
		};
		BC8E3F901C16FE7E005E01FB /* FunDayPage(每天) */ = {
			isa = PBXGroup;
			children = (
				39FE56751C2A923C005708B5 /* Model */,
				39FE56761C2A923C005708B5 /* View */,
				BC8E3F911C16FE7E005E01FB /* Controller */,
			);
			name = "FunDayPage(每天)";
			path = FunDayPage;
			sourceTree = "<group>";
		};
		BC8E3F911C16FE7E005E01FB /* Controller */ = {
			isa = PBXGroup;
			children = (
				39BAB4FA1C26B16D00B58096 /* FZFunDayController.h */,
				39BAB4FB1C26B16D00B58096 /* FZFunDayController.m */,
			);
			path = Controller;
			sourceTree = "<group>";
		};
		BC8E3F941C16FE7E005E01FB /* MyPage(我的设置) */ = {
			isa = PBXGroup;
			children = (
				39FE567B1C2A926A005708B5 /* Model */,
				39FE567C1C2A926A005708B5 /* View */,
				BC8E3F951C16FE7E005E01FB /* Controller */,
			);
			name = "MyPage(我的设置)";
			path = MyPage;
			sourceTree = "<group>";
		};
		BC8E3F951C16FE7E005E01FB /* Controller */ = {
			isa = PBXGroup;
			children = (
				39BAB5031C26B1B000B58096 /* FZMyController.h */,
				39BAB5041C26B1B000B58096 /* FZMyController.m */,
			);
			path = Controller;
			sourceTree = "<group>";
		};
		BC8E3F981C16FE7E005E01FB /* SpecialPage(专栏) */ = {
			isa = PBXGroup;
			children = (
				39FE56791C2A925F005708B5 /* Model */,
				39FE567A1C2A925F005708B5 /* View */,
				BC8E3F991C16FE7E005E01FB /* Controller */,
			);
			name = "SpecialPage(专栏)";
			path = SpecialPage;
			sourceTree = "<group>";
		};
		BC8E3F991C16FE7E005E01FB /* Controller */ = {
			isa = PBXGroup;
			children = (
				39BAB5001C26B19C00B58096 /* FZSpecialController.h */,
				39BAB5011C26B19C00B58096 /* FZSpecialController.m */,
			);
			path = Controller;
			sourceTree = "<group>";
		};
		BC8E3FDC1C16FEF5005E01FB /* MJRefresh */ = {
			isa = PBXGroup;
			children = (
				BC8E3FDD1C16FEF5005E01FB /* Base */,
				BC8E3FE81C16FEF5005E01FB /* Custom */,
				BC8E3FFF1C16FEF5005E01FB /* MJRefresh.bundle */,
				BC8E40001C16FEF5005E01FB /* MJRefresh.h */,
				BC8E40011C16FEF5005E01FB /* MJRefreshConst.h */,
				BC8E40021C16FEF5005E01FB /* MJRefreshConst.m */,
				BC8E40031C16FEF5005E01FB /* UIScrollView+MJExtension.h */,
				BC8E40041C16FEF5005E01FB /* UIScrollView+MJExtension.m */,
				BC8E40051C16FEF5005E01FB /* UIScrollView+MJRefresh.h */,
				BC8E40061C16FEF5005E01FB /* UIScrollView+MJRefresh.m */,
				BC8E40071C16FEF5005E01FB /* UIView+MJExtension.h */,
				BC8E40081C16FEF5005E01FB /* UIView+MJExtension.m */,
			);
			path = MJRefresh;
			sourceTree = "<group>";
		};
		BC8E3FDD1C16FEF5005E01FB /* Base */ = {
			isa = PBXGroup;
			children = (
				BC8E3FDE1C16FEF5005E01FB /* MJRefreshAutoFooter.h */,
				BC8E3FDF1C16FEF5005E01FB /* MJRefreshAutoFooter.m */,
				BC8E3FE01C16FEF5005E01FB /* MJRefreshBackFooter.h */,
				BC8E3FE11C16FEF5005E01FB /* MJRefreshBackFooter.m */,
				BC8E3FE21C16FEF5005E01FB /* MJRefreshComponent.h */,
				BC8E3FE31C16FEF5005E01FB /* MJRefreshComponent.m */,
				BC8E3FE41C16FEF5005E01FB /* MJRefreshFooter.h */,
				BC8E3FE51C16FEF5005E01FB /* MJRefreshFooter.m */,
				BC8E3FE61C16FEF5005E01FB /* MJRefreshHeader.h */,
				BC8E3FE71C16FEF5005E01FB /* MJRefreshHeader.m */,
			);
			path = Base;
			sourceTree = "<group>";
		};
		BC8E3FE81C16FEF5005E01FB /* Custom */ = {
			isa = PBXGroup;
			children = (
				BC8E3FE91C16FEF5005E01FB /* Footer */,
				BC8E3FF81C16FEF5005E01FB /* Header */,
			);
			path = Custom;
			sourceTree = "<group>";
		};
		BC8E3FE91C16FEF5005E01FB /* Footer */ = {
			isa = PBXGroup;
			children = (
				BC8E3FEA1C16FEF5005E01FB /* Auto */,
				BC8E3FF11C16FEF5005E01FB /* Back */,
			);
			path = Footer;
			sourceTree = "<group>";
		};
		BC8E3FEA1C16FEF5005E01FB /* Auto */ = {
			isa = PBXGroup;
			children = (
				BC8E3FEB1C16FEF5005E01FB /* MJRefreshAutoGifFooter.h */,
				BC8E3FEC1C16FEF5005E01FB /* MJRefreshAutoGifFooter.m */,
				BC8E3FED1C16FEF5005E01FB /* MJRefreshAutoNormalFooter.h */,
				BC8E3FEE1C16FEF5005E01FB /* MJRefreshAutoNormalFooter.m */,
				BC8E3FEF1C16FEF5005E01FB /* MJRefreshAutoStateFooter.h */,
				BC8E3FF01C16FEF5005E01FB /* MJRefreshAutoStateFooter.m */,
			);
			path = Auto;
			sourceTree = "<group>";
		};
		BC8E3FF11C16FEF5005E01FB /* Back */ = {
			isa = PBXGroup;
			children = (
				BC8E3FF21C16FEF5005E01FB /* MJRefreshBackGifFooter.h */,
				BC8E3FF31C16FEF5005E01FB /* MJRefreshBackGifFooter.m */,
				BC8E3FF41C16FEF5005E01FB /* MJRefreshBackNormalFooter.h */,
				BC8E3FF51C16FEF5005E01FB /* MJRefreshBackNormalFooter.m */,
				BC8E3FF61C16FEF5005E01FB /* MJRefreshBackStateFooter.h */,
				BC8E3FF71C16FEF5005E01FB /* MJRefreshBackStateFooter.m */,
			);
			path = Back;
			sourceTree = "<group>";
		};
		BC8E3FF81C16FEF5005E01FB /* Header */ = {
			isa = PBXGroup;
			children = (
				BC8E3FF91C16FEF5005E01FB /* MJRefreshGifHeader.h */,
				BC8E3FFA1C16FEF5005E01FB /* MJRefreshGifHeader.m */,
				BC8E3FFB1C16FEF5005E01FB /* MJRefreshNormalHeader.h */,
				BC8E3FFC1C16FEF5005E01FB /* MJRefreshNormalHeader.m */,
				BC8E3FFD1C16FEF5005E01FB /* MJRefreshStateHeader.h */,
				BC8E3FFE1C16FEF5005E01FB /* MJRefreshStateHeader.m */,
			);
			path = Header;
			sourceTree = "<group>";
		};
		BC8E401C1C16FF0B005E01FB /* NJKWebViewProgress */ = {
			isa = PBXGroup;
			children = (
				BC8E401D1C16FF0B005E01FB /* NJKWebViewProgress.h */,
				BC8E401E1C16FF0B005E01FB /* NJKWebViewProgress.m */,
				BC8E401F1C16FF0B005E01FB /* NJKWebViewProgressView.h */,
				BC8E40201C16FF0B005E01FB /* NJKWebViewProgressView.m */,
			);
			path = NJKWebViewProgress;
			sourceTree = "<group>";
		};
		BC8E40231C16FF3E005E01FB /* ZLScreenAdapter */ = {
			isa = PBXGroup;
			children = (
				BC8E40241C16FF3E005E01FB /* ZLScreenAdapter.h */,
				BC8E40251C16FF3E005E01FB /* ZLScreenAdapter.m */,
				BC8E40261C16FF3E005E01FB /* ZLScreenAdaption.h */,
			);
			path = ZLScreenAdapter;
			sourceTree = "<group>";
		};
		BC8E40281C16FF4A005E01FB /* UIView+changeViewCenter */ = {
			isa = PBXGroup;
			children = (
				BC8E40291C16FF4A005E01FB /* UIView+ChangeViewCenter.h */,
				BC8E402A1C16FF4A005E01FB /* UIView+ChangeViewCenter.m */,
			);
			path = "UIView+changeViewCenter";
			sourceTree = "<group>";
		};
		BC8E402C1C16FF52005E01FB /* UIImage+ImageColor */ = {
			isa = PBXGroup;
			children = (
				BC8E402D1C16FF52005E01FB /* UIImage+ImageColor.h */,
				BC8E402E1C16FF52005E01FB /* UIImage+ImageColor.m */,
			);
			path = "UIImage+ImageColor";
			sourceTree = "<group>";
		};
		BC8E40301C16FF67005E01FB /* ZLTabBar */ = {
			isa = PBXGroup;
			children = (
				BC8E40311C16FF67005E01FB /* ZLTabBar.h */,
				BC8E40321C16FF67005E01FB /* ZLTabBar.m */,
			);
			path = ZLTabBar;
			sourceTree = "<group>";
		};
		BC8E40341C16FF6A005E01FB /* ZLTabBarController */ = {
			isa = PBXGroup;
			children = (
				BC8E40351C16FF6A005E01FB /* ZLTabBarController.h */,
				BC8E40361C16FF6A005E01FB /* ZLTabBarController.m */,
			);
			path = ZLTabBarController;
			sourceTree = "<group>";
		};
		BC8E403C1C16FF7C005E01FB /* FMDB */ = {
			isa = PBXGroup;
			children = (
				BC8E403D1C16FF7C005E01FB /* FMDatabase.h */,
				BC8E403E1C16FF7C005E01FB /* FMDatabase.m */,
				BC8E403F1C16FF7C005E01FB /* FMDatabaseAdditions.h */,
				BC8E40401C16FF7C005E01FB /* FMDatabaseAdditions.m */,
				BC8E40411C16FF7C005E01FB /* FMDatabasePool.h */,
				BC8E40421C16FF7C005E01FB /* FMDatabasePool.m */,
				BC8E40431C16FF7C005E01FB /* FMDatabaseQueue.h */,
				BC8E40441C16FF7C005E01FB /* FMDatabaseQueue.m */,
				BC8E40451C16FF7C005E01FB /* FMResultSet.h */,
				BC8E40461C16FF7C005E01FB /* FMResultSet.m */,
			);
			path = FMDB;
			sourceTree = "<group>";
		};
		BC8E408F1C170168005E01FB /* HomePageResource */ = {
			isa = PBXGroup;
			children = (
				BC027E251C183E2500AA968A /* author_normal.png */,
				BC027E261C183E2500AA968A /* author_selected.png */,
				BC027E271C183E2500AA968A /* discovery_normal.png */,
				BC027E281C183E2500AA968A /* discovery_selected.png */,
				BC027E291C183E2500AA968A /* homepage_normal.png */,
				BC027E2A1C183E2500AA968A /* homepage_selected.png */,
				BC027E2B1C183E2500AA968A /* my_normal.png */,
				BC027E2C1C183E2500AA968A /* my_normal@2x.png */,
				BC027E2D1C183E2500AA968A /* my_normal@3x.png */,
				BC027E2E1C183E2500AA968A /* my_selected.png */,
				BC027E2F1C183E2500AA968A /* my_selected@2x.png */,
				BC027E301C183E2500AA968A /* my_selected@3x.png */,
			);
			path = HomePageResource;
			sourceTree = "<group>";
		};
/* End PBXGroup section */

/* Begin PBXNativeTarget section */
		BC8E3F4D1C16FAD7005E01FB /* meitian */ = {
			isa = PBXNativeTarget;
			buildConfigurationList = BC8E3F7B1C16FAD8005E01FB /* Build configuration list for PBXNativeTarget "meitian" */;
			buildPhases = (
				BC8E3F4A1C16FAD7005E01FB /* Sources */,
				BC8E3F4B1C16FAD7005E01FB /* Frameworks */,
				BC8E3F4C1C16FAD7005E01FB /* Resources */,
			);
			buildRules = (
			);
			dependencies = (
			);
			name = meitian;
			productName = meitian;
			productReference = BC8E3F4E1C16FAD8005E01FB /* meitian.app */;
			productType = "com.apple.product-type.application";
		};
		BC8E3F661C16FAD8005E01FB /* meitianTests */ = {
			isa = PBXNativeTarget;
			buildConfigurationList = BC8E3F7E1C16FAD8005E01FB /* Build configuration list for PBXNativeTarget "meitianTests" */;
			buildPhases = (
				BC8E3F631C16FAD8005E01FB /* Sources */,
				BC8E3F641C16FAD8005E01FB /* Frameworks */,
				BC8E3F651C16FAD8005E01FB /* Resources */,
			);
			buildRules = (
			);
			dependencies = (
				BC8E3F691C16FAD8005E01FB /* PBXTargetDependency */,
			);
			name = meitianTests;
			productName = meitianTests;
			productReference = BC8E3F671C16FAD8005E01FB /* meitianTests.xctest */;
			productType = "com.apple.product-type.bundle.unit-test";
		};
		BC8E3F711C16FAD8005E01FB /* meitianUITests */ = {
			isa = PBXNativeTarget;
			buildConfigurationList = BC8E3F811C16FAD8005E01FB /* Build configuration list for PBXNativeTarget "meitianUITests" */;
			buildPhases = (
				BC8E3F6E1C16FAD8005E01FB /* Sources */,
				BC8E3F6F1C16FAD8005E01FB /* Frameworks */,
				BC8E3F701C16FAD8005E01FB /* Resources */,
			);
			buildRules = (
			);
			dependencies = (
				BC8E3F741C16FAD8005E01FB /* PBXTargetDependency */,
			);
			name = meitianUITests;
			productName = meitianUITests;
			productReference = BC8E3F721C16FAD8005E01FB /* meitianUITests.xctest */;
			productType = "com.apple.product-type.bundle.ui-testing";
		};
/* End PBXNativeTarget section */

/* Begin PBXProject section */
		BC8E3F461C16FAD7005E01FB /* Project object */ = {
			isa = PBXProject;
			attributes = {
				CLASSPREFIX = FZ;
				LastUpgradeCheck = 0700;
				ORGANIZATIONNAME = jonle;
				TargetAttributes = {
					BC8E3F4D1C16FAD7005E01FB = {
						CreatedOnToolsVersion = 7.0;
						DevelopmentTeam = 33PU7VUFFJ;
					};
					BC8E3F661C16FAD8005E01FB = {
						CreatedOnToolsVersion = 7.0;
						TestTargetID = BC8E3F4D1C16FAD7005E01FB;
					};
					BC8E3F711C16FAD8005E01FB = {
						CreatedOnToolsVersion = 7.0;
						TestTargetID = BC8E3F4D1C16FAD7005E01FB;
					};
				};
			};
			buildConfigurationList = BC8E3F491C16FAD7005E01FB /* Build configuration list for PBXProject "meitian" */;
			compatibilityVersion = "Xcode 3.2";
			developmentRegion = English;
			hasScannedForEncodings = 0;
			knownRegions = (
				en,
				Base,
			);
			mainGroup = BC8E3F451C16FAD7005E01FB;
			productRefGroup = BC8E3F4F1C16FAD8005E01FB /* Products */;
			projectDirPath = "";
			projectRoot = "";
			targets = (
				BC8E3F4D1C16FAD7005E01FB /* meitian */,
				BC8E3F661C16FAD8005E01FB /* meitianTests */,
				BC8E3F711C16FAD8005E01FB /* meitianUITests */,
			);
		};
/* End PBXProject section */

/* Begin PBXResourcesBuildPhase section */
		BC8E3F4C1C16FAD7005E01FB /* Resources */ = {
			isa = PBXResourcesBuildPhase;
			buildActionMask = 2147483647;
			files = (
				BC027E3B1C183E2500AA968A /* my_selected@2x.png in Resources */,
				BC027E321C183E2500AA968A /* author_selected.png in Resources */,
				BC027E381C183E2500AA968A /* my_normal@2x.png in Resources */,
				BC027E3C1C183E2500AA968A /* my_selected@3x.png in Resources */,
				39FE56C11C2BCFF4005708B5 /* Assets.xcassets in Resources */,
				39FE56601C2A9141005708B5 /* MyCollectionViewCell.xib in Resources */,
				BC027E3A1C183E2500AA968A /* my_selected.png in Resources */,
				39FE56C21C2BCFF4005708B5 /* LaunchScreen.storyboard in Resources */,
				BC027E391C183E2500AA968A /* my_normal@3x.png in Resources */,
				BC027E331C183E2500AA968A /* discovery_normal.png in Resources */,
				BC027E351C183E2500AA968A /* homepage_normal.png in Resources */,
				BC027E341C183E2500AA968A /* discovery_selected.png in Resources */,
				BC027E371C183E2500AA968A /* my_normal.png in Resources */,
				BC8E40171C16FEF5005E01FB /* MJRefresh.bundle in Resources */,
				BC027E361C183E2500AA968A /* homepage_selected.png in Resources */,
				BC027E311C183E2500AA968A /* author_normal.png in Resources */,
			);
			runOnlyForDeploymentPostprocessing = 0;
		};
		BC8E3F651C16FAD8005E01FB /* Resources */ = {
			isa = PBXResourcesBuildPhase;
			buildActionMask = 2147483647;
			files = (
			);
			runOnlyForDeploymentPostprocessing = 0;
		};
		BC8E3F701C16FAD8005E01FB /* Resources */ = {
			isa = PBXResourcesBuildPhase;
			buildActionMask = 2147483647;
			files = (
			);
			runOnlyForDeploymentPostprocessing = 0;
		};
/* End PBXResourcesBuildPhase section */

/* Begin PBXSourcesBuildPhase section */
		BC8E3F4A1C16FAD7005E01FB /* Sources */ = {
			isa = PBXSourcesBuildPhase;
			buildActionMask = 2147483647;
			files = (
				BC8E40191C16FEF5005E01FB /* UIScrollView+MJExtension.m in Sources */,
				39FE56AC1C2A935D005708B5 /* UIImageView+HighlightedWebCache.m in Sources */,
				39FE56DA1C2BD2B6005708B5 /* BaseDataModel.m in Sources */,
				39FE565D1C2A9141005708B5 /* FZRotatingBanner.m in Sources */,
				39BAB4F91C26B13500B58096 /* FZBaseViewController.m in Sources */,
				39FE57051C2BD755005708B5 /* AFNetworkReachabilityManager.m in Sources */,
				BC8E40371C16FF6A005E01FB /* ZLTabBarController.m in Sources */,
				39BAB5021C26B19C00B58096 /* FZSpecialController.m in Sources */,
				39FE56A21C2A935D005708B5 /* SDWebImageCompat.m in Sources */,
				39FE56A31C2A935D005708B5 /* SDWebImageDecoder.m in Sources */,
				BC8E402B1C16FF4A005E01FB /* UIView+ChangeViewCenter.m in Sources */,
				39FE56AA1C2A935D005708B5 /* UIImage+MultiFormat.m in Sources */,
				BC8E40331C16FF67005E01FB /* ZLTabBar.m in Sources */,
				39FE56A01C2A935D005708B5 /* NSData+ImageContentType.m in Sources */,
				39FE570F1C2BD755005708B5 /* UIImageView+AFNetworking.m in Sources */,
				BC8E40161C16FEF5005E01FB /* MJRefreshStateHeader.m in Sources */,
				39FE56AE1C2A935D005708B5 /* UIView+WebCacheOperation.m in Sources */,
				39FE570E1C2BD755005708B5 /* UIButton+AFNetworking.m in Sources */,
				39FE56C51C2BCFF4005708B5 /* main.m in Sources */,
				39FE56A51C2A935D005708B5 /* SDWebImageDownloaderOperation.m in Sources */,
				39FE570D1C2BD755005708B5 /* UIActivityIndicatorView+AFNetworking.m in Sources */,
				39FE56A41C2A935D005708B5 /* SDWebImageDownloader.m in Sources */,
				BC8E40221C16FF0B005E01FB /* NJKWebViewProgressView.m in Sources */,
				BC8E40471C16FF7C005E01FB /* FMDatabase.m in Sources */,
				39FE570A1C2BD755005708B5 /* AFAutoPurgingImageCache.m in Sources */,
				39FE56A11C2A935D005708B5 /* SDImageCache.m in Sources */,
				BC8E40091C16FEF5005E01FB /* MJRefreshAutoFooter.m in Sources */,
				39FE570C1C2BD755005708B5 /* AFNetworkActivityIndicatorManager.m in Sources */,
				39FE569F1C2A935D005708B5 /* MKAnnotationView+WebCache.m in Sources */,
				BC8E40131C16FEF5005E01FB /* MJRefreshBackStateFooter.m in Sources */,
				BC8E40181C16FEF5005E01FB /* MJRefreshConst.m in Sources */,
				39FE56A81C2A935D005708B5 /* UIButton+WebCache.m in Sources */,
				39BAB5051C26B1B000B58096 /* FZMyController.m in Sources */,
				39FE57041C2BD755005708B5 /* AFHTTPSessionManager.m in Sources */,
				BC8E40101C16FEF5005E01FB /* MJRefreshAutoStateFooter.m in Sources */,
				39FE57081C2BD755005708B5 /* AFURLResponseSerialization.m in Sources */,
				BC8E400B1C16FEF5005E01FB /* MJRefreshComponent.m in Sources */,
				BC8E40491C16FF7C005E01FB /* FMDatabasePool.m in Sources */,
				39FE57171C2BE1B4005708B5 /* FZFunDayModel.m in Sources */,
				BC8E40271C16FF3E005E01FB /* ZLScreenAdapter.m in Sources */,
				39BAB4FC1C26B16D00B58096 /* FZFunDayController.m in Sources */,
				39FE57101C2BD755005708B5 /* UIProgressView+AFNetworking.m in Sources */,
				39FE565E1C2A9141005708B5 /* FZImage.m in Sources */,
				BC8E400D1C16FEF5005E01FB /* MJRefreshHeader.m in Sources */,
				BC8E40151C16FEF5005E01FB /* MJRefreshNormalHeader.m in Sources */,
				BC8E401A1C16FEF5005E01FB /* UIScrollView+MJRefresh.m in Sources */,
				BC8E401B1C16FEF5005E01FB /* UIView+MJExtension.m in Sources */,
				BC8E40111C16FEF5005E01FB /* MJRefreshBackGifFooter.m in Sources */,
				BC8E40211C16FF0B005E01FB /* NJKWebViewProgress.m in Sources */,
				39FE56AD1C2A935D005708B5 /* UIImageView+WebCache.m in Sources */,
				39FE57061C2BD755005708B5 /* AFSecurityPolicy.m in Sources */,
				BC8E400A1C16FEF5005E01FB /* MJRefreshBackFooter.m in Sources */,
				39FE56A91C2A935D005708B5 /* UIImage+GIF.m in Sources */,
				39FE565F1C2A9141005708B5 /* MyCollectionViewCell.m in Sources */,
				BC8E400F1C16FEF5005E01FB /* MJRefreshAutoNormalFooter.m in Sources */,
				BC8E404A1C16FF7C005E01FB /* FMDatabaseQueue.m in Sources */,
				BC8E40141C16FEF5005E01FB /* MJRefreshGifHeader.m in Sources */,
				39FE57111C2BD755005708B5 /* UIRefreshControl+AFNetworking.m in Sources */,
				39FE57091C2BD755005708B5 /* AFURLSessionManager.m in Sources */,
				BC8E40121C16FEF5005E01FB /* MJRefreshBackNormalFooter.m in Sources */,
				39FE56A61C2A935D005708B5 /* SDWebImageManager.m in Sources */,
				39FE57121C2BD755005708B5 /* UIWebView+AFNetworking.m in Sources */,
				39BAB4F61C26B10900B58096 /* FZRootViewController.m in Sources */,
				BC8E400C1C16FEF5005E01FB /* MJRefreshFooter.m in Sources */,
				39FE56DE1C2BD3E5005708B5 /* FZHttpTool.m in Sources */,
				39FE57071C2BD755005708B5 /* AFURLRequestSerialization.m in Sources */,
				BC8E400E1C16FEF5005E01FB /* MJRefreshAutoGifFooter.m in Sources */,
				BC8E404B1C16FF7C005E01FB /* FMResultSet.m in Sources */,
				39FE56C31C2BCFF4005708B5 /* FZAppDelegate.m in Sources */,
				39FE570B1C2BD755005708B5 /* AFImageDownloader.m in Sources */,
				39FE56A71C2A935D005708B5 /* SDWebImagePrefetcher.m in Sources */,
				39FE56AB1C2A935D005708B5 /* UIImage+WebP.m in Sources */,
				BC8E402F1C16FF52005E01FB /* UIImage+ImageColor.m in Sources */,
				39FE56B51C2A952C005708B5 /* FZDiscoveryController.m in Sources */,
				BC8E40481C16FF7C005E01FB /* FMDatabaseAdditions.m in Sources */,
			);
			runOnlyForDeploymentPostprocessing = 0;
		};
		BC8E3F631C16FAD8005E01FB /* Sources */ = {
			isa = PBXSourcesBuildPhase;
			buildActionMask = 2147483647;
			files = (
				BC8E3F6C1C16FAD8005E01FB /* meitianTests.m in Sources */,
			);
			runOnlyForDeploymentPostprocessing = 0;
		};
		BC8E3F6E1C16FAD8005E01FB /* Sources */ = {
			isa = PBXSourcesBuildPhase;
			buildActionMask = 2147483647;
			files = (
				BC8E3F771C16FAD8005E01FB /* meitianUITests.m in Sources */,
			);
			runOnlyForDeploymentPostprocessing = 0;
		};
/* End PBXSourcesBuildPhase section */

/* Begin PBXTargetDependency section */
		BC8E3F691C16FAD8005E01FB /* PBXTargetDependency */ = {
			isa = PBXTargetDependency;
			target = BC8E3F4D1C16FAD7005E01FB /* meitian */;
			targetProxy = BC8E3F681C16FAD8005E01FB /* PBXContainerItemProxy */;
		};
		BC8E3F741C16FAD8005E01FB /* PBXTargetDependency */ = {
			isa = PBXTargetDependency;
			target = BC8E3F4D1C16FAD7005E01FB /* meitian */;
			targetProxy = BC8E3F731C16FAD8005E01FB /* PBXContainerItemProxy */;
		};
/* End PBXTargetDependency section */

/* Begin PBXVariantGroup section */
		39FE56BA1C2BCFF4005708B5 /* LaunchScreen.storyboard */ = {
			isa = PBXVariantGroup;
			children = (
				39FE56BB1C2BCFF4005708B5 /* Base */,
			);
			name = LaunchScreen.storyboard;
			sourceTree = "<group>";
		};
/* End PBXVariantGroup section */

/* Begin XCBuildConfiguration section */
		BC8E3F791C16FAD8005E01FB /* Debug */ = {
			isa = XCBuildConfiguration;
			buildSettings = {
				ALWAYS_SEARCH_USER_PATHS = NO;
				CLANG_CXX_LANGUAGE_STANDARD = "gnu++0x";
				CLANG_CXX_LIBRARY = "libc++";
				CLANG_ENABLE_MODULES = YES;
				CLANG_ENABLE_OBJC_ARC = YES;
				CLANG_WARN_BOOL_CONVERSION = YES;
				CLANG_WARN_CONSTANT_CONVERSION = YES;
				CLANG_WARN_DIRECT_OBJC_ISA_USAGE = YES_ERROR;
				CLANG_WARN_EMPTY_BODY = YES;
				CLANG_WARN_ENUM_CONVERSION = YES;
				CLANG_WARN_INT_CONVERSION = YES;
				CLANG_WARN_OBJC_ROOT_CLASS = YES_ERROR;
				CLANG_WARN_UNREACHABLE_CODE = YES;
				CLANG_WARN__DUPLICATE_METHOD_MATCH = YES;
				"CODE_SIGN_IDENTITY[sdk=iphoneos*]" = "iPhone Developer";
				COPY_PHASE_STRIP = NO;
				DEBUG_INFORMATION_FORMAT = dwarf;
				ENABLE_STRICT_OBJC_MSGSEND = YES;
				ENABLE_TESTABILITY = YES;
				GCC_C_LANGUAGE_STANDARD = gnu99;
				GCC_DYNAMIC_NO_PIC = NO;
				GCC_NO_COMMON_BLOCKS = YES;
				GCC_OPTIMIZATION_LEVEL = 0;
				GCC_PREPROCESSOR_DEFINITIONS = (
					"DEBUG=1",
					"$(inherited)",
				);
				GCC_WARN_64_TO_32_BIT_CONVERSION = YES;
				GCC_WARN_ABOUT_RETURN_TYPE = YES_ERROR;
				GCC_WARN_UNDECLARED_SELECTOR = YES;
				GCC_WARN_UNINITIALIZED_AUTOS = YES_AGGRESSIVE;
				GCC_WARN_UNUSED_FUNCTION = YES;
				GCC_WARN_UNUSED_VARIABLE = YES;
				IPHONEOS_DEPLOYMENT_TARGET = 9.0;
				MTL_ENABLE_DEBUG_INFO = YES;
				ONLY_ACTIVE_ARCH = YES;
				SDKROOT = iphoneos;
				TARGETED_DEVICE_FAMILY = "1,2";
			};
			name = Debug;
		};
		BC8E3F7A1C16FAD8005E01FB /* Release */ = {
			isa = XCBuildConfiguration;
			buildSettings = {
				ALWAYS_SEARCH_USER_PATHS = NO;
				CLANG_CXX_LANGUAGE_STANDARD = "gnu++0x";
				CLANG_CXX_LIBRARY = "libc++";
				CLANG_ENABLE_MODULES = YES;
				CLANG_ENABLE_OBJC_ARC = YES;
				CLANG_WARN_BOOL_CONVERSION = YES;
				CLANG_WARN_CONSTANT_CONVERSION = YES;
				CLANG_WARN_DIRECT_OBJC_ISA_USAGE = YES_ERROR;
				CLANG_WARN_EMPTY_BODY = YES;
				CLANG_WARN_ENUM_CONVERSION = YES;
				CLANG_WARN_INT_CONVERSION = YES;
				CLANG_WARN_OBJC_ROOT_CLASS = YES_ERROR;
				CLANG_WARN_UNREACHABLE_CODE = YES;
				CLANG_WARN__DUPLICATE_METHOD_MATCH = YES;
				"CODE_SIGN_IDENTITY[sdk=iphoneos*]" = "iPhone Developer";
				COPY_PHASE_STRIP = NO;
				DEBUG_INFORMATION_FORMAT = "dwarf-with-dsym";
				ENABLE_NS_ASSERTIONS = NO;
				ENABLE_STRICT_OBJC_MSGSEND = YES;
				GCC_C_LANGUAGE_STANDARD = gnu99;
				GCC_NO_COMMON_BLOCKS = YES;
				GCC_WARN_64_TO_32_BIT_CONVERSION = YES;
				GCC_WARN_ABOUT_RETURN_TYPE = YES_ERROR;
				GCC_WARN_UNDECLARED_SELECTOR = YES;
				GCC_WARN_UNINITIALIZED_AUTOS = YES_AGGRESSIVE;
				GCC_WARN_UNUSED_FUNCTION = YES;
				GCC_WARN_UNUSED_VARIABLE = YES;
				IPHONEOS_DEPLOYMENT_TARGET = 9.0;
				MTL_ENABLE_DEBUG_INFO = NO;
				SDKROOT = iphoneos;
				TARGETED_DEVICE_FAMILY = "1,2";
				VALIDATE_PRODUCT = YES;
			};
			name = Release;
		};
		BC8E3F7C1C16FAD8005E01FB /* Debug */ = {
			isa = XCBuildConfiguration;
			buildSettings = {
				ASSETCATALOG_COMPILER_APPICON_NAME = AppIcon;
				CODE_SIGN_IDENTITY = "iPhone Developer";
				GCC_PREFIX_HEADER = "$(SRCROOT)/meitian/Applications/phFile.pch";
				INFOPLIST_FILE = "$(SRCROOT)/meitian/Applications/Info.plist";
				IPHONEOS_DEPLOYMENT_TARGET = 8.3;
				LD_RUNPATH_SEARCH_PATHS = "$(inherited) @executable_path/Frameworks";
				PRODUCT_BUNDLE_IDENTIFIER = cn.edu.fzxy.meitian;
				PRODUCT_NAME = "$(TARGET_NAME)";
			};
			name = Debug;
		};
		BC8E3F7D1C16FAD8005E01FB /* Release */ = {
			isa = XCBuildConfiguration;
			buildSettings = {
				ASSETCATALOG_COMPILER_APPICON_NAME = AppIcon;
				CODE_SIGN_IDENTITY = "iPhone Developer";
				GCC_PREFIX_HEADER = "$(SRCROOT)/meitian/Applications/phFile.pch";
				INFOPLIST_FILE = "$(SRCROOT)/meitian/Applications/Info.plist";
				IPHONEOS_DEPLOYMENT_TARGET = 8.3;
				LD_RUNPATH_SEARCH_PATHS = "$(inherited) @executable_path/Frameworks";
				PRODUCT_BUNDLE_IDENTIFIER = cn.edu.fzxy.meitian;
				PRODUCT_NAME = "$(TARGET_NAME)";
			};
			name = Release;
		};
		BC8E3F7F1C16FAD8005E01FB /* Debug */ = {
			isa = XCBuildConfiguration;
			buildSettings = {
				BUNDLE_LOADER = "$(TEST_HOST)";
				INFOPLIST_FILE = meitianTests/Info.plist;
				LD_RUNPATH_SEARCH_PATHS = "$(inherited) @executable_path/Frameworks @loader_path/Frameworks";
				PRODUCT_BUNDLE_IDENTIFIER = com.fzxy.meitianTests;
				PRODUCT_NAME = "$(TARGET_NAME)";
				TEST_HOST = "$(BUILT_PRODUCTS_DIR)/meitian.app/meitian";
			};
			name = Debug;
		};
		BC8E3F801C16FAD8005E01FB /* Release */ = {
			isa = XCBuildConfiguration;
			buildSettings = {
				BUNDLE_LOADER = "$(TEST_HOST)";
				INFOPLIST_FILE = meitianTests/Info.plist;
				LD_RUNPATH_SEARCH_PATHS = "$(inherited) @executable_path/Frameworks @loader_path/Frameworks";
				PRODUCT_BUNDLE_IDENTIFIER = com.fzxy.meitianTests;
				PRODUCT_NAME = "$(TARGET_NAME)";
				TEST_HOST = "$(BUILT_PRODUCTS_DIR)/meitian.app/meitian";
			};
			name = Release;
		};
		BC8E3F821C16FAD8005E01FB /* Debug */ = {
			isa = XCBuildConfiguration;
			buildSettings = {
				INFOPLIST_FILE = meitianUITests/Info.plist;
				LD_RUNPATH_SEARCH_PATHS = "$(inherited) @executable_path/Frameworks @loader_path/Frameworks";
				PRODUCT_BUNDLE_IDENTIFIER = com.fzxy.meitianUITests;
				PRODUCT_NAME = "$(TARGET_NAME)";
				TEST_TARGET_NAME = meitian;
				USES_XCTRUNNER = YES;
			};
			name = Debug;
		};
		BC8E3F831C16FAD8005E01FB /* Release */ = {
			isa = XCBuildConfiguration;
			buildSettings = {
				INFOPLIST_FILE = meitianUITests/Info.plist;
				LD_RUNPATH_SEARCH_PATHS = "$(inherited) @executable_path/Frameworks @loader_path/Frameworks";
				PRODUCT_BUNDLE_IDENTIFIER = com.fzxy.meitianUITests;
				PRODUCT_NAME = "$(TARGET_NAME)";
				TEST_TARGET_NAME = meitian;
				USES_XCTRUNNER = YES;
			};
			name = Release;
		};
/* End XCBuildConfiguration section */

/* Begin XCConfigurationList section */
		BC8E3F491C16FAD7005E01FB /* Build configuration list for PBXProject "meitian" */ = {
			isa = XCConfigurationList;
			buildConfigurations = (
				BC8E3F791C16FAD8005E01FB /* Debug */,
				BC8E3F7A1C16FAD8005E01FB /* Release */,
			);
			defaultConfigurationIsVisible = 0;
			defaultConfigurationName = Release;
		};
		BC8E3F7B1C16FAD8005E01FB /* Build configuration list for PBXNativeTarget "meitian" */ = {
			isa = XCConfigurationList;
			buildConfigurations = (
				BC8E3F7C1C16FAD8005E01FB /* Debug */,
				BC8E3F7D1C16FAD8005E01FB /* Release */,
			);
			defaultConfigurationIsVisible = 0;
			defaultConfigurationName = Release;
		};
		BC8E3F7E1C16FAD8005E01FB /* Build configuration list for PBXNativeTarget "meitianTests" */ = {
			isa = XCConfigurationList;
			buildConfigurations = (
				BC8E3F7F1C16FAD8005E01FB /* Debug */,
				BC8E3F801C16FAD8005E01FB /* Release */,
			);
			defaultConfigurationIsVisible = 0;
			defaultConfigurationName = Release;
		};
		BC8E3F811C16FAD8005E01FB /* Build configuration list for PBXNativeTarget "meitianUITests" */ = {
			isa = XCConfigurationList;
			buildConfigurations = (
				BC8E3F821C16FAD8005E01FB /* Debug */,
				BC8E3F831C16FAD8005E01FB /* Release */,
			);
			defaultConfigurationIsVisible = 0;
			defaultConfigurationName = Release;
		};
/* End XCConfigurationList section */
	};
	rootObject = BC8E3F461C16FAD7005E01FB /* Project object */;
}
